// !$*UTF8*$!
{
	archiveVersion = 1;
	classes = {
	};
	objectVersion = 48;
	objects = {

/* Begin PBXBuildFile section */
		F6464CEA208B27330019A75F /* Vertex.cpp in Sources */ = {isa = PBXBuildFile; fileRef = F6464CE8208B27330019A75F /* Vertex.cpp */; };
		F6464CF0208B363C0019A75F /* Color.cpp in Sources */ = {isa = PBXBuildFile; fileRef = F6464CEE208B363C0019A75F /* Color.cpp */; };
		F6464CF7208B47530019A75F /* Mat4.cpp in Sources */ = {isa = PBXBuildFile; fileRef = F6464CF5208B47530019A75F /* Mat4.cpp */; };
		F6464CFA208C7E790019A75F /* MathUtil.cpp in Sources */ = {isa = PBXBuildFile; fileRef = F6464CF8208C7E790019A75F /* MathUtil.cpp */; };
		F6464D01208E3DBC0019A75F /* Camera.cpp in Sources */ = {isa = PBXBuildFile; fileRef = F6464CFF208E3DBC0019A75F /* Camera.cpp */; };
		F6464D04208E3E4D0019A75F /* Ref.cpp in Sources */ = {isa = PBXBuildFile; fileRef = F6464D02208E3E4D0019A75F /* Ref.cpp */; };
		F6464D07208E3E600019A75F /* Node.cpp in Sources */ = {isa = PBXBuildFile; fileRef = F6464D05208E3E600019A75F /* Node.cpp */; };
		F6758CD52088D6E00036A8E8 /* Cocoa.framework in Frameworks */ = {isa = PBXBuildFile; fileRef = F6758CD42088D6E00036A8E8 /* Cocoa.framework */; };
		F6758CD72088D6E00036A8E8 /* SDL2.framework in Frameworks */ = {isa = PBXBuildFile; fileRef = F6758CD62088D6E00036A8E8 /* SDL2.framework */; };
		F6758CDA2088D6E00036A8E8 /* main.cpp in Sources */ = {isa = PBXBuildFile; fileRef = F6758CD92088D6E00036A8E8 /* main.cpp */; };
		F6758CDF2088D6E00036A8E8 /* CApp.cpp in Sources */ = {isa = PBXBuildFile; fileRef = F6758CDE2088D6E00036A8E8 /* CApp.cpp */; };
		F6758CEC2089B9030036A8E8 /* Canvas.cpp in Sources */ = {isa = PBXBuildFile; fileRef = F6758CEA2089B9030036A8E8 /* Canvas.cpp */; };
		F6758CF02089BA570036A8E8 /* Vec.cpp in Sources */ = {isa = PBXBuildFile; fileRef = F6758CEE2089BA570036A8E8 /* Vec.cpp */; };
/* End PBXBuildFile section */

/* Begin PBXCopyFilesBuildPhase section */
		F6758CCF2088D6E00036A8E8 /* CopyFiles */ = {
			isa = PBXCopyFilesBuildPhase;
			buildActionMask = 2147483647;
			dstSubfolderSpec = 10;
			files = (
			);
			runOnlyForDeploymentPostprocessing = 1;
		};
/* End PBXCopyFilesBuildPhase section */

/* Begin PBXFileReference section */
		F6464CE6208B1FAF0019A75F /* Macro.h */ = {isa = PBXFileReference; lastKnownFileType = sourcecode.c.h; path = Macro.h; sourceTree = "<group>"; };
		F6464CE8208B27330019A75F /* Vertex.cpp */ = {isa = PBXFileReference; lastKnownFileType = sourcecode.cpp.cpp; path = Vertex.cpp; sourceTree = "<group>"; };
		F6464CE9208B27330019A75F /* Vertex.hpp */ = {isa = PBXFileReference; lastKnownFileType = sourcecode.cpp.h; path = Vertex.hpp; sourceTree = "<group>"; };
		F6464CEE208B363C0019A75F /* Color.cpp */ = {isa = PBXFileReference; lastKnownFileType = sourcecode.cpp.cpp; path = Color.cpp; sourceTree = "<group>"; };
		F6464CEF208B363C0019A75F /* Color.hpp */ = {isa = PBXFileReference; lastKnownFileType = sourcecode.cpp.h; path = Color.hpp; sourceTree = "<group>"; };
		F6464CF5208B47530019A75F /* Mat4.cpp */ = {isa = PBXFileReference; lastKnownFileType = sourcecode.cpp.cpp; path = Mat4.cpp; sourceTree = "<group>"; };
		F6464CF6208B47530019A75F /* Mat4.hpp */ = {isa = PBXFileReference; lastKnownFileType = sourcecode.cpp.h; path = Mat4.hpp; sourceTree = "<group>"; };
		F6464CF8208C7E790019A75F /* MathUtil.cpp */ = {isa = PBXFileReference; lastKnownFileType = sourcecode.cpp.cpp; path = MathUtil.cpp; sourceTree = "<group>"; };
		F6464CF9208C7E790019A75F /* MathUtil.hpp */ = {isa = PBXFileReference; lastKnownFileType = sourcecode.cpp.h; path = MathUtil.hpp; sourceTree = "<group>"; };
		F6464CFC208E39680019A75F /* Shader.hpp */ = {isa = PBXFileReference; lastKnownFileType = sourcecode.cpp.h; path = Shader.hpp; sourceTree = "<group>"; };
		F6464CFF208E3DBC0019A75F /* Camera.cpp */ = {isa = PBXFileReference; lastKnownFileType = sourcecode.cpp.cpp; path = Camera.cpp; sourceTree = "<group>"; };
		F6464D00208E3DBC0019A75F /* Camera.hpp */ = {isa = PBXFileReference; lastKnownFileType = sourcecode.cpp.h; path = Camera.hpp; sourceTree = "<group>"; };
		F6464D02208E3E4D0019A75F /* Ref.cpp */ = {isa = PBXFileReference; lastKnownFileType = sourcecode.cpp.cpp; path = Ref.cpp; sourceTree = "<group>"; };
		F6464D03208E3E4D0019A75F /* Ref.hpp */ = {isa = PBXFileReference; lastKnownFileType = sourcecode.cpp.h; path = Ref.hpp; sourceTree = "<group>"; };
		F6464D05208E3E600019A75F /* Node.cpp */ = {isa = PBXFileReference; lastKnownFileType = sourcecode.cpp.cpp; path = Node.cpp; sourceTree = "<group>"; };
		F6464D06208E3E600019A75F /* Node.hpp */ = {isa = PBXFileReference; lastKnownFileType = sourcecode.cpp.h; path = Node.hpp; sourceTree = "<group>"; };
		F6758CD12088D6E00036A8E8 /* Z-Renderer.app */ = {isa = PBXFileReference; explicitFileType = wrapper.application; includeInIndex = 0; path = "Z-Renderer.app"; sourceTree = BUILT_PRODUCTS_DIR; };
		F6758CD42088D6E00036A8E8 /* Cocoa.framework */ = {isa = PBXFileReference; lastKnownFileType = wrapper.framework; name = Cocoa.framework; path = System/Library/Frameworks/Cocoa.framework; sourceTree = SDKROOT; };
		F6758CD62088D6E00036A8E8 /* SDL2.framework */ = {isa = PBXFileReference; lastKnownFileType = wrapper.framework; name = SDL2.framework; path = Library/Frameworks/../../../../../../../../../Library/Frameworks/SDL2.framework; sourceTree = DEVELOPER_DIR; };
		F6758CD92088D6E00036A8E8 /* main.cpp */ = {isa = PBXFileReference; lastKnownFileType = sourcecode.cpp.cpp; path = main.cpp; sourceTree = "<group>"; };
		F6758CDC2088D6E00036A8E8 /* CApp.h */ = {isa = PBXFileReference; lastKnownFileType = sourcecode.c.h; path = CApp.h; sourceTree = "<group>"; };
		F6758CDE2088D6E00036A8E8 /* CApp.cpp */ = {isa = PBXFileReference; lastKnownFileType = sourcecode.cpp.cpp; path = CApp.cpp; sourceTree = "<group>"; };
		F6758CEA2089B9030036A8E8 /* Canvas.cpp */ = {isa = PBXFileReference; lastKnownFileType = sourcecode.cpp.cpp; path = Canvas.cpp; sourceTree = "<group>"; };
		F6758CEB2089B9030036A8E8 /* Canvas.hpp */ = {isa = PBXFileReference; lastKnownFileType = sourcecode.cpp.h; path = Canvas.hpp; sourceTree = "<group>"; };
		F6758CEE2089BA570036A8E8 /* Vec.cpp */ = {isa = PBXFileReference; lastKnownFileType = sourcecode.cpp.cpp; path = Vec.cpp; sourceTree = "<group>"; };
		F6758CEF2089BA570036A8E8 /* Vec.hpp */ = {isa = PBXFileReference; lastKnownFileType = sourcecode.cpp.h; path = Vec.hpp; sourceTree = "<group>"; };
/* End PBXFileReference section */

/* Begin PBXFrameworksBuildPhase section */
		F6758CCD2088D6E00036A8E8 /* Frameworks */ = {
			isa = PBXFrameworksBuildPhase;
			buildActionMask = 2147483647;
			files = (
				F6758CD52088D6E00036A8E8 /* Cocoa.framework in Frameworks */,
				F6758CD72088D6E00036A8E8 /* SDL2.framework in Frameworks */,
			);
			runOnlyForDeploymentPostprocessing = 0;
		};
/* End PBXFrameworksBuildPhase section */

/* Begin PBXGroup section */
		F6464CE7208B26CC0019A75F /* paint */ = {
			isa = PBXGroup;
			children = (
				F6758CEA2089B9030036A8E8 /* Canvas.cpp */,
				F6758CEB2089B9030036A8E8 /* Canvas.hpp */,
				F6464CE8208B27330019A75F /* Vertex.cpp */,
				F6464CE9208B27330019A75F /* Vertex.hpp */,
				F6464CEE208B363C0019A75F /* Color.cpp */,
				F6464CEF208B363C0019A75F /* Color.hpp */,
				F6464CFC208E39680019A75F /* Shader.hpp */,
			);
			path = paint;
			sourceTree = "<group>";
		};
		F6464CFE208E3D820019A75F /* logic */ = {
			isa = PBXGroup;
			children = (
				F6464CFF208E3DBC0019A75F /* Camera.cpp */,
				F6464D00208E3DBC0019A75F /* Camera.hpp */,
				F6464D02208E3E4D0019A75F /* Ref.cpp */,
				F6464D03208E3E4D0019A75F /* Ref.hpp */,
				F6464D05208E3E600019A75F /* Node.cpp */,
				F6464D06208E3E600019A75F /* Node.hpp */,
			);
			path = logic;
			sourceTree = "<group>";
		};
		F6758CC72088D6E00036A8E8 = {
			isa = PBXGroup;
			children = (
				F6758CD82088D6E00036A8E8 /* Z-Renderer */,
				F6758CD32088D6E00036A8E8 /* Frameworks */,
				F6758CD22088D6E00036A8E8 /* Products */,
			);
			sourceTree = "<group>";
		};
		F6758CD22088D6E00036A8E8 /* Products */ = {
			isa = PBXGroup;
			children = (
				F6758CD12088D6E00036A8E8 /* Z-Renderer.app */,
			);
			name = Products;
			sourceTree = "<group>";
		};
		F6758CD32088D6E00036A8E8 /* Frameworks */ = {
			isa = PBXGroup;
			children = (
				F6758CD42088D6E00036A8E8 /* Cocoa.framework */,
				F6758CD62088D6E00036A8E8 /* SDL2.framework */,
			);
			name = Frameworks;
			sourceTree = "<group>";
		};
		F6758CD82088D6E00036A8E8 /* Z-Renderer */ = {
			isa = PBXGroup;
			children = (
				F6464CFE208E3D820019A75F /* logic */,
				F6464CE7208B26CC0019A75F /* paint */,
				F6758CE82088EFF90036A8E8 /* common */,
				F6758CE62088EF710036A8E8 /* math */,
				F6758CD92088D6E00036A8E8 /* main.cpp */,
			);
			path = "Z-Renderer";
			sourceTree = "<group>";
		};
		F6758CE62088EF710036A8E8 /* math */ = {
			isa = PBXGroup;
			children = (
				F6758CEE2089BA570036A8E8 /* Vec.cpp */,
				F6758CEF2089BA570036A8E8 /* Vec.hpp */,
				F6464CF5208B47530019A75F /* Mat4.cpp */,
				F6464CF6208B47530019A75F /* Mat4.hpp */,
				F6464CF8208C7E790019A75F /* MathUtil.cpp */,
				F6464CF9208C7E790019A75F /* MathUtil.hpp */,
			);
			path = math;
			sourceTree = "<group>";
		};
		F6758CE82088EFF90036A8E8 /* common */ = {
			isa = PBXGroup;
			children = (
				F6758CDE2088D6E00036A8E8 /* CApp.cpp */,
				F6758CDC2088D6E00036A8E8 /* CApp.h */,
				F6464CE6208B1FAF0019A75F /* Macro.h */,
			);
			path = common;
			sourceTree = "<group>";
		};
/* End PBXGroup section */

/* Begin PBXNativeTarget section */
		F6758CD02088D6E00036A8E8 /* Z-Renderer */ = {
			isa = PBXNativeTarget;
			buildConfigurationList = F6758CE22088D6E00036A8E8 /* Build configuration list for PBXNativeTarget "Z-Renderer" */;
			buildPhases = (
				F6758CCC2088D6E00036A8E8 /* Sources */,
				F6758CCD2088D6E00036A8E8 /* Frameworks */,
				F6758CCE2088D6E00036A8E8 /* Resources */,
				F6758CCF2088D6E00036A8E8 /* CopyFiles */,
			);
			buildRules = (
			);
			dependencies = (
			);
			name = "Z-Renderer";
			productName = "Z-Renderer";
			productReference = F6758CD12088D6E00036A8E8 /* Z-Renderer.app */;
			productType = "com.apple.product-type.application";
		};
/* End PBXNativeTarget section */

/* Begin PBXProject section */
		F6758CC82088D6E00036A8E8 /* Project object */ = {
			isa = PBXProject;
			attributes = {
				LastUpgradeCheck = 0920;
				ORGANIZATIONNAME = SATAN_Z;
				TargetAttributes = {
					F6758CD02088D6E00036A8E8 = {
						CreatedOnToolsVersion = 9.2;
						ProvisioningStyle = Automatic;
					};
				};
			};
			buildConfigurationList = F6758CCB2088D6E00036A8E8 /* Build configuration list for PBXProject "Z-Renderer" */;
			compatibilityVersion = "Xcode 8.0";
			developmentRegion = en;
			hasScannedForEncodings = 0;
			knownRegions = (
				en,
			);
			mainGroup = F6758CC72088D6E00036A8E8;
			productRefGroup = F6758CD22088D6E00036A8E8 /* Products */;
			projectDirPath = "";
			projectRoot = "";
			targets = (
				F6758CD02088D6E00036A8E8 /* Z-Renderer */,
			);
		};
/* End PBXProject section */

/* Begin PBXResourcesBuildPhase section */
		F6758CCE2088D6E00036A8E8 /* Resources */ = {
			isa = PBXResourcesBuildPhase;
			buildActionMask = 2147483647;
			files = (
			);
			runOnlyForDeploymentPostprocessing = 0;
		};
/* End PBXResourcesBuildPhase section */

/* Begin PBXSourcesBuildPhase section */
		F6758CCC2088D6E00036A8E8 /* Sources */ = {
			isa = PBXSourcesBuildPhase;
			buildActionMask = 2147483647;
			files = (
				F6758CDA2088D6E00036A8E8 /* main.cpp in Sources */,
				F6464CF0208B363C0019A75F /* Color.cpp in Sources */,
				F6464CEA208B27330019A75F /* Vertex.cpp in Sources */,
				F6464D04208E3E4D0019A75F /* Ref.cpp in Sources */,
				F6464D07208E3E600019A75F /* Node.cpp in Sources */,
				F6464CF7208B47530019A75F /* Mat4.cpp in Sources */,
				F6464D01208E3DBC0019A75F /* Camera.cpp in Sources */,
				F6758CDF2088D6E00036A8E8 /* CApp.cpp in Sources */,
				F6464CFA208C7E790019A75F /* MathUtil.cpp in Sources */,
				F6758CF02089BA570036A8E8 /* Vec.cpp in Sources */,
				F6758CEC2089B9030036A8E8 /* Canvas.cpp in Sources */,
			);
			runOnlyForDeploymentPostprocessing = 0;
		};
/* End PBXSourcesBuildPhase section */

/* Begin XCBuildConfiguration section */
		F6758CE02088D6E00036A8E8 /* Debug */ = {
			isa = XCBuildConfiguration;
			buildSettings = {
				ALWAYS_SEARCH_USER_PATHS = NO;
				ARCHS = "$(ARCHS_STANDARD_64_BIT)";
				CLANG_ANALYZER_NONNULL = YES;
				CLANG_ANALYZER_NUMBER_OBJECT_CONVERSION = YES_AGGRESSIVE;
				CLANG_CXX_LANGUAGE_STANDARD = "gnu++14";
				CLANG_CXX_LIBRARY = "libc++";
				CLANG_ENABLE_MODULES = YES;
				CLANG_ENABLE_OBJC_ARC = YES;
				CLANG_WARN_BLOCK_CAPTURE_AUTORELEASING = YES;
				CLANG_WARN_BOOL_CONVERSION = YES;
				CLANG_WARN_COMMA = YES;
				CLANG_WARN_CONSTANT_CONVERSION = YES;
				CLANG_WARN_DIRECT_OBJC_ISA_USAGE = YES_ERROR;
				CLANG_WARN_DOCUMENTATION_COMMENTS = YES;
				CLANG_WARN_EMPTY_BODY = YES;
				CLANG_WARN_ENUM_CONVERSION = YES;
				CLANG_WARN_INFINITE_RECURSION = YES;
				CLANG_WARN_INT_CONVERSION = YES;
				CLANG_WARN_NON_LITERAL_NULL_CONVERSION = YES;
				CLANG_WARN_OBJC_LITERAL_CONVERSION = YES;
				CLANG_WARN_OBJC_ROOT_CLASS = YES_ERROR;
				CLANG_WARN_RANGE_LOOP_ANALYSIS = YES;
				CLANG_WARN_STRICT_PROTOTYPES = YES;
				CLANG_WARN_SUSPICIOUS_MOVE = YES;
				CLANG_WARN_UNGUARDED_AVAILABILITY = YES_AGGRESSIVE;
				CLANG_WARN_UNREACHABLE_CODE = YES;
				CLANG_WARN__DUPLICATE_METHOD_MATCH = YES;
				COPY_PHASE_STRIP = NO;
				DEBUG_INFORMATION_FORMAT = dwarf;
				ENABLE_STRICT_OBJC_MSGSEND = YES;
				ENABLE_TESTABILITY = YES;
				GCC_C_LANGUAGE_STANDARD = gnu11;
				GCC_DYNAMIC_NO_PIC = NO;
				GCC_ENABLE_OBJC_EXCEPTIONS = YES;
				GCC_NO_COMMON_BLOCKS = YES;
				GCC_OPTIMIZATION_LEVEL = 0;
				GCC_PREPROCESSOR_DEFINITIONS = (
					"DEBUG=1",
					"$(inherited)",
				);
				GCC_WARN_64_TO_32_BIT_CONVERSION = YES;
				GCC_WARN_ABOUT_RETURN_TYPE = YES_ERROR;
				GCC_WARN_UNDECLARED_SELECTOR = YES;
				GCC_WARN_UNINITIALIZED_AUTOS = YES_AGGRESSIVE;
				GCC_WARN_UNUSED_FUNCTION = YES;
				GCC_WARN_UNUSED_VARIABLE = YES;
				MACOSX_DEPLOYMENT_TARGET = 10.12;
				MTL_ENABLE_DEBUG_INFO = YES;
				ONLY_ACTIVE_ARCH = YES;
				SDKROOT = macosx;
			};
			name = Debug;
		};
		F6758CE12088D6E00036A8E8 /* Release */ = {
			isa = XCBuildConfiguration;
			buildSettings = {
				ALWAYS_SEARCH_USER_PATHS = NO;
				ARCHS = "$(ARCHS_STANDARD_64_BIT)";
				CLANG_ANALYZER_NONNULL = YES;
				CLANG_ANALYZER_NUMBER_OBJECT_CONVERSION = YES_AGGRESSIVE;
				CLANG_CXX_LANGUAGE_STANDARD = "gnu++14";
				CLANG_CXX_LIBRARY = "libc++";
				CLANG_ENABLE_MODULES = YES;
				CLANG_ENABLE_OBJC_ARC = YES;
				CLANG_WARN_BLOCK_CAPTURE_AUTORELEASING = YES;
				CLANG_WARN_BOOL_CONVERSION = YES;
				CLANG_WARN_COMMA = YES;
				CLANG_WARN_CONSTANT_CONVERSION = YES;
				CLANG_WARN_DIRECT_OBJC_ISA_USAGE = YES_ERROR;
				CLANG_WARN_DOCUMENTATION_COMMENTS = YES;
				CLANG_WARN_EMPTY_BODY = YES;
				CLANG_WARN_ENUM_CONVERSION = YES;
				CLANG_WARN_INFINITE_RECURSION = YES;
				CLANG_WARN_INT_CONVERSION = YES;
				CLANG_WARN_NON_LITERAL_NULL_CONVERSION = YES;
				CLANG_WARN_OBJC_LITERAL_CONVERSION = YES;
				CLANG_WARN_OBJC_ROOT_CLASS = YES_ERROR;
				CLANG_WARN_RANGE_LOOP_ANALYSIS = YES;
				CLANG_WARN_STRICT_PROTOTYPES = YES;
				CLANG_WARN_SUSPICIOUS_MOVE = YES;
				CLANG_WARN_UNGUARDED_AVAILABILITY = YES_AGGRESSIVE;
				CLANG_WARN_UNREACHABLE_CODE = YES;
				CLANG_WARN__DUPLICATE_METHOD_MATCH = YES;
				COPY_PHASE_STRIP = NO;
				DEBUG_INFORMATION_FORMAT = "dwarf-with-dsym";
				ENABLE_NS_ASSERTIONS = NO;
				ENABLE_STRICT_OBJC_MSGSEND = YES;
				GCC_C_LANGUAGE_STANDARD = gnu11;
				GCC_ENABLE_OBJC_EXCEPTIONS = YES;
				GCC_NO_COMMON_BLOCKS = YES;
				GCC_WARN_64_TO_32_BIT_CONVERSION = YES;
				GCC_WARN_ABOUT_RETURN_TYPE = YES_ERROR;
				GCC_WARN_UNDECLARED_SELECTOR = YES;
				GCC_WARN_UNINITIALIZED_AUTOS = YES_AGGRESSIVE;
				GCC_WARN_UNUSED_FUNCTION = YES;
				GCC_WARN_UNUSED_VARIABLE = YES;
				MACOSX_DEPLOYMENT_TARGET = 10.12;
				MTL_ENABLE_DEBUG_INFO = NO;
				SDKROOT = macosx;
			};
			name = Release;
		};
		F6758CE32088D6E00036A8E8 /* Debug */ = {
			isa = XCBuildConfiguration;
			buildSettings = {
				CODE_SIGN_STYLE = Automatic;
				FRAMEWORK_SEARCH_PATHS = (
					/Library/Frameworks,
					"$(LOCAL_LIBRARY_DIR)/Frameworks",
				);
				HEADER_SEARCH_PATHS = (
					/usr/include,
					/usr/local/include,
				);
				LD_RUNPATH_SEARCH_PATHS = "@executable_path/../Frameworks";
				LIBRARY_SEARCH_PATHS = /usr/lib;
				OTHER_LDFLAGS = "";
				PRODUCT_NAME = "$(TARGET_NAME)";
				USER_HEADER_SEARCH_PATHS = "";
			};
			name = Debug;
		};
		F6758CE42088D6E00036A8E8 /* Release */ = {
			isa = XCBuildConfiguration;
			buildSettings = {
				CODE_SIGN_STYLE = Automatic;
				FRAMEWORK_SEARCH_PATHS = (
					/Library/Frameworks,
					"$(LOCAL_LIBRARY_DIR)/Frameworks",
				);
				HEADER_SEARCH_PATHS = (
					/usr/include,
					/usr/local/include,
				);
				LD_RUNPATH_SEARCH_PATHS = "@executable_path/../Frameworks";
				LIBRARY_SEARCH_PATHS = /usr/lib;
				OTHER_LDFLAGS = "";
				PRODUCT_NAME = "$(TARGET_NAME)";
				USER_HEADER_SEARCH_PATHS = "";
			};
			name = Release;
		};
/* End XCBuildConfiguration section */

/* Begin XCConfigurationList section */
		F6758CCB2088D6E00036A8E8 /* Build configuration list for PBXProject "Z-Renderer" */ = {
			isa = XCConfigurationList;
			buildConfigurations = (
				F6758CE02088D6E00036A8E8 /* Debug */,
				F6758CE12088D6E00036A8E8 /* Release */,
			);
			defaultConfigurationIsVisible = 0;
			defaultConfigurationName = Release;
		};
		F6758CE22088D6E00036A8E8 /* Build configuration list for PBXNativeTarget "Z-Renderer" */ = {
			isa = XCConfigurationList;
			buildConfigurations = (
				F6758CE32088D6E00036A8E8 /* Debug */,
				F6758CE42088D6E00036A8E8 /* Release */,
			);
			defaultConfigurationIsVisible = 0;
			defaultConfigurationName = Release;
		};
/* End XCConfigurationList section */
	};
	rootObject = F6758CC82088D6E00036A8E8 /* Project object */;
}
