// !$*UTF8*$!
{
	archiveVersion = 1;
	classes = {
	};
	objectVersion = 48;
	objects = {

/* Begin PBXBuildFile section */
		F616D56220A160790005B1B5 /* Shader.cpp in Sources */ = {isa = PBXBuildFile; fileRef = F616D56120A160790005B1B5 /* Shader.cpp */; };
		F616D56A20AAAD390005B1B5 /* Texture.cpp in Sources */ = {isa = PBXBuildFile; fileRef = F616D56820AAAD390005B1B5 /* Texture.cpp */; };
		F616D56E20AB2FA70005B1B5 /* Bitmap.cpp in Sources */ = {isa = PBXBuildFile; fileRef = F616D56C20AB2FA70005B1B5 /* Bitmap.cpp */; };
		F616D5AF20ABF4600005B1B5 /* box.obj in Resources */ = {isa = PBXBuildFile; fileRef = F616D57420ABF4600005B1B5 /* box.obj */; };
		F616D5B020ABF4600005B1B5 /* arm_dif.png in Resources */ = {isa = PBXBuildFile; fileRef = F616D57620ABF4600005B1B5 /* arm_dif.png */; };
		F616D5B120ABF4600005B1B5 /* arm_showroom_ddn.png in Resources */ = {isa = PBXBuildFile; fileRef = F616D57720ABF4600005B1B5 /* arm_showroom_ddn.png */; };
		F616D5B220ABF4600005B1B5 /* arm_showroom_refl.png in Resources */ = {isa = PBXBuildFile; fileRef = F616D57820ABF4600005B1B5 /* arm_showroom_refl.png */; };
		F616D5B320ABF4600005B1B5 /* arm_showroom_spec.png in Resources */ = {isa = PBXBuildFile; fileRef = F616D57920ABF4600005B1B5 /* arm_showroom_spec.png */; };
		F616D5B420ABF4600005B1B5 /* back.jpg in Resources */ = {isa = PBXBuildFile; fileRef = F616D57A20ABF4600005B1B5 /* back.jpg */; };
		F616D5B520ABF4600005B1B5 /* body_dif.png in Resources */ = {isa = PBXBuildFile; fileRef = F616D57B20ABF4600005B1B5 /* body_dif.png */; };
		F616D5B620ABF4600005B1B5 /* body_showroom_ddn.png in Resources */ = {isa = PBXBuildFile; fileRef = F616D57C20ABF4600005B1B5 /* body_showroom_ddn.png */; };
		F616D5B720ABF4600005B1B5 /* body_showroom_refl.png in Resources */ = {isa = PBXBuildFile; fileRef = F616D57D20ABF4600005B1B5 /* body_showroom_refl.png */; };
		F616D5B820ABF4600005B1B5 /* body_showroom_spec.png in Resources */ = {isa = PBXBuildFile; fileRef = F616D57E20ABF4600005B1B5 /* body_showroom_spec.png */; };
		F616D5B920ABF4600005B1B5 /* cell_arm_alpha.png in Resources */ = {isa = PBXBuildFile; fileRef = F616D57F20ABF4600005B1B5 /* cell_arm_alpha.png */; };
		F616D5BA20ABF4600005B1B5 /* cell_body_alpha.png in Resources */ = {isa = PBXBuildFile; fileRef = F616D58020ABF4600005B1B5 /* cell_body_alpha.png */; };
		F616D5BB20ABF4600005B1B5 /* cell_ddn.png in Resources */ = {isa = PBXBuildFile; fileRef = F616D58120ABF4600005B1B5 /* cell_ddn.png */; };
		F616D5BC20ABF4600005B1B5 /* cell_hand_alpha.png in Resources */ = {isa = PBXBuildFile; fileRef = F616D58220ABF4600005B1B5 /* cell_hand_alpha.png */; };
		F616D5BD20ABF4600005B1B5 /* cell_helmet_alpha.png in Resources */ = {isa = PBXBuildFile; fileRef = F616D58320ABF4600005B1B5 /* cell_helmet_alpha.png */; };
		F616D5BE20ABF4600005B1B5 /* cell_leg_alpha.png in Resources */ = {isa = PBXBuildFile; fileRef = F616D58420ABF4600005B1B5 /* cell_leg_alpha.png */; };
		F616D5BF20ABF4600005B1B5 /* front.jpg in Resources */ = {isa = PBXBuildFile; fileRef = F616D58520ABF4600005B1B5 /* front.jpg */; };
		F616D5C020ABF4600005B1B5 /* glass_ddn.png in Resources */ = {isa = PBXBuildFile; fileRef = F616D58620ABF4600005B1B5 /* glass_ddn.png */; };
		F616D5C120ABF4600005B1B5 /* glass_dif.png in Resources */ = {isa = PBXBuildFile; fileRef = F616D58720ABF4600005B1B5 /* glass_dif.png */; };
		F616D5C220ABF4600005B1B5 /* glass_refl.png in Resources */ = {isa = PBXBuildFile; fileRef = F616D58820ABF4600005B1B5 /* glass_refl.png */; };
		F616D5C320ABF4600005B1B5 /* hand_dif.png in Resources */ = {isa = PBXBuildFile; fileRef = F616D58920ABF4600005B1B5 /* hand_dif.png */; };
		F616D5C420ABF4600005B1B5 /* hand_showroom_ddn.png in Resources */ = {isa = PBXBuildFile; fileRef = F616D58A20ABF4600005B1B5 /* hand_showroom_ddn.png */; };
		F616D5C520ABF4600005B1B5 /* hand_showroom_refl.png in Resources */ = {isa = PBXBuildFile; fileRef = F616D58B20ABF4600005B1B5 /* hand_showroom_refl.png */; };
		F616D5C620ABF4600005B1B5 /* hand_showroom_spec.png in Resources */ = {isa = PBXBuildFile; fileRef = F616D58C20ABF4600005B1B5 /* hand_showroom_spec.png */; };
		F616D5C720ABF4600005B1B5 /* helmet_diff.png in Resources */ = {isa = PBXBuildFile; fileRef = F616D58D20ABF4600005B1B5 /* helmet_diff.png */; };
		F616D5C820ABF4600005B1B5 /* helmet_showroom_ddn.png in Resources */ = {isa = PBXBuildFile; fileRef = F616D58E20ABF4600005B1B5 /* helmet_showroom_ddn.png */; };
		F616D5C920ABF4600005B1B5 /* helmet_showroom_refl.png in Resources */ = {isa = PBXBuildFile; fileRef = F616D58F20ABF4600005B1B5 /* helmet_showroom_refl.png */; };
		F616D5CA20ABF4600005B1B5 /* helmet_showroom_spec.png in Resources */ = {isa = PBXBuildFile; fileRef = F616D59020ABF4600005B1B5 /* helmet_showroom_spec.png */; };
		F616D5CB20ABF4600005B1B5 /* leg_dif.png in Resources */ = {isa = PBXBuildFile; fileRef = F616D59120ABF4600005B1B5 /* leg_dif.png */; };
		F616D5CC20ABF4600005B1B5 /* leg_showroom_ddn.png in Resources */ = {isa = PBXBuildFile; fileRef = F616D59220ABF4600005B1B5 /* leg_showroom_ddn.png */; };
		F616D5CD20ABF4600005B1B5 /* leg_showroom_refl.png in Resources */ = {isa = PBXBuildFile; fileRef = F616D59320ABF4600005B1B5 /* leg_showroom_refl.png */; };
		F616D5CE20ABF4600005B1B5 /* leg_showroom_spec.png in Resources */ = {isa = PBXBuildFile; fileRef = F616D59420ABF4600005B1B5 /* leg_showroom_spec.png */; };
		F616D5CF20ABF4600005B1B5 /* nanosuit.mtl in Resources */ = {isa = PBXBuildFile; fileRef = F616D59520ABF4600005B1B5 /* nanosuit.mtl */; };
		F616D5D020ABF4600005B1B5 /* nanosuit.obj in Resources */ = {isa = PBXBuildFile; fileRef = F616D59620ABF4600005B1B5 /* nanosuit.obj */; };
		F616D5D120ABF4600005B1B5 /* planet.mtl in Resources */ = {isa = PBXBuildFile; fileRef = F616D59820ABF4600005B1B5 /* planet.mtl */; };
		F616D5D220ABF4600005B1B5 /* planet.obj in Resources */ = {isa = PBXBuildFile; fileRef = F616D59920ABF4600005B1B5 /* planet.obj */; };
		F616D5D320ABF4600005B1B5 /* planet_Quom1200.png in Resources */ = {isa = PBXBuildFile; fileRef = F616D59A20ABF4600005B1B5 /* planet_Quom1200.png */; };
		F616D5D420ABF4600005B1B5 /* Rock-Texture-Surface.jpg in Resources */ = {isa = PBXBuildFile; fileRef = F616D59C20ABF4600005B1B5 /* Rock-Texture-Surface.jpg */; };
		F616D5D520ABF4600005B1B5 /* rock.mtl in Resources */ = {isa = PBXBuildFile; fileRef = F616D59D20ABF4600005B1B5 /* rock.mtl */; };
		F616D5D620ABF4600005B1B5 /* rock.obj in Resources */ = {isa = PBXBuildFile; fileRef = F616D59E20ABF4600005B1B5 /* rock.obj */; };
		F616D5DD20ABF4600005B1B5 /* back.jpg in Resources */ = {isa = PBXBuildFile; fileRef = F616D5A720ABF4600005B1B5 /* back.jpg */; };
		F616D5DE20ABF4600005B1B5 /* bottom.jpg in Resources */ = {isa = PBXBuildFile; fileRef = F616D5A820ABF4600005B1B5 /* bottom.jpg */; };
		F616D5DF20ABF4600005B1B5 /* front.jpg in Resources */ = {isa = PBXBuildFile; fileRef = F616D5A920ABF4600005B1B5 /* front.jpg */; };
		F616D5E020ABF4600005B1B5 /* left.jpg in Resources */ = {isa = PBXBuildFile; fileRef = F616D5AA20ABF4600005B1B5 /* left.jpg */; };
		F616D5E120ABF4600005B1B5 /* right.jpg in Resources */ = {isa = PBXBuildFile; fileRef = F616D5AB20ABF4600005B1B5 /* right.jpg */; };
		F616D5E220ABF4600005B1B5 /* top.jpg in Resources */ = {isa = PBXBuildFile; fileRef = F616D5AC20ABF4600005B1B5 /* top.jpg */; };
		F616D5E320ABF4600005B1B5 /* wooden-crate.jpg in Resources */ = {isa = PBXBuildFile; fileRef = F616D5AD20ABF4600005B1B5 /* wooden-crate.jpg */; };
		F616D5E420ABF4600005B1B5 /* WusonOBJ.obj in Resources */ = {isa = PBXBuildFile; fileRef = F616D5AE20ABF4600005B1B5 /* WusonOBJ.obj */; };
		F616D5E720AC7FE50005B1B5 /* fileUtil.mm in Sources */ = {isa = PBXBuildFile; fileRef = F616D5E620AC7FE50005B1B5 /* fileUtil.mm */; };
		F616D5EC20AD4BFA0005B1B5 /* HelloWorld.png in Resources */ = {isa = PBXBuildFile; fileRef = F616D5EB20AD4BF90005B1B5 /* HelloWorld.png */; };
		F616D5EE20ADD82A0005B1B5 /* skeleton.png in Resources */ = {isa = PBXBuildFile; fileRef = F616D5ED20ADD8290005B1B5 /* skeleton.png */; };
		F61AEBDE20AFAA9900DD8F80 /* PhongShader.cpp in Sources */ = {isa = PBXBuildFile; fileRef = F61AEBDC20AFAA9900DD8F80 /* PhongShader.cpp */; };
		F61AEBE120B1272800DD8F80 /* Mesh.cpp in Sources */ = {isa = PBXBuildFile; fileRef = F61AEBDF20B1272800DD8F80 /* Mesh.cpp */; };
		F61AEBE520B1296100DD8F80 /* Sprite3D.cpp in Sources */ = {isa = PBXBuildFile; fileRef = F61AEBE320B1296100DD8F80 /* Sprite3D.cpp */; };
		F61AEC1320B197EF00DD8F80 /* color4.inl in Resources */ = {isa = PBXBuildFile; fileRef = F61AEBEE20B197EE00DD8F80 /* color4.inl */; };
		F61AEC1420B197EF00DD8F80 /* material.inl in Resources */ = {isa = PBXBuildFile; fileRef = F61AEBFF20B197EE00DD8F80 /* material.inl */; };
		F61AEC1520B197EF00DD8F80 /* matrix3x3.inl in Resources */ = {isa = PBXBuildFile; fileRef = F61AEC0120B197EE00DD8F80 /* matrix3x3.inl */; };
		F61AEC1620B197EF00DD8F80 /* matrix4x4.inl in Resources */ = {isa = PBXBuildFile; fileRef = F61AEC0320B197EE00DD8F80 /* matrix4x4.inl */; };
		F61AEC1720B197EF00DD8F80 /* quaternion.inl in Resources */ = {isa = PBXBuildFile; fileRef = F61AEC0A20B197EE00DD8F80 /* quaternion.inl */; };
		F61AEC1820B197EF00DD8F80 /* vector2.inl in Resources */ = {isa = PBXBuildFile; fileRef = F61AEC0F20B197EE00DD8F80 /* vector2.inl */; };
		F61AEC1920B197EF00DD8F80 /* vector3.inl in Resources */ = {isa = PBXBuildFile; fileRef = F61AEC1120B197EE00DD8F80 /* vector3.inl */; };
		F61AEC1D20B19CCC00DD8F80 /* libassimp.a in Frameworks */ = {isa = PBXBuildFile; fileRef = F61AEC1C20B19CCC00DD8F80 /* libassimp.a */; };
		F61AEC2720B1B2BD00DD8F80 /* libz.1.2.5.dylib in Frameworks */ = {isa = PBXBuildFile; fileRef = F61AEC2620B1B2BD00DD8F80 /* libz.1.2.5.dylib */; };
		F61AEC2A20B1BE8000DD8F80 /* Sprite3DShader.cpp in Sources */ = {isa = PBXBuildFile; fileRef = F61AEC2820B1BE8000DD8F80 /* Sprite3DShader.cpp */; };
		F61AEC3020B28D7A00DD8F80 /* pumpkin.obj in Resources */ = {isa = PBXBuildFile; fileRef = F61AEC2B20B28D7900DD8F80 /* pumpkin.obj */; };
		F61AEC3120B28D7A00DD8F80 /* sample.obj in Resources */ = {isa = PBXBuildFile; fileRef = F61AEC2C20B28D7A00DD8F80 /* sample.obj */; };
		F61AEC3220B28D7A00DD8F80 /* teapot.obj in Resources */ = {isa = PBXBuildFile; fileRef = F61AEC2D20B28D7A00DD8F80 /* teapot.obj */; };
		F61AEC3320B28D7A00DD8F80 /* cow.obj in Resources */ = {isa = PBXBuildFile; fileRef = F61AEC2E20B28D7A00DD8F80 /* cow.obj */; };
		F61AEC3420B28D7A00DD8F80 /* teddy.obj in Resources */ = {isa = PBXBuildFile; fileRef = F61AEC2F20B28D7A00DD8F80 /* teddy.obj */; };
		F63E446920B2AC94007B50B5 /* Ground.cpp in Sources */ = {isa = PBXBuildFile; fileRef = F63E446720B2AC94007B50B5 /* Ground.cpp */; };
		F63E447220B9714F007B50B5 /* SkyBoxShader.cpp in Sources */ = {isa = PBXBuildFile; fileRef = F63E447020B9714F007B50B5 /* SkyBoxShader.cpp */; };
		F63E447520B9727E007B50B5 /* TextureCube.cpp in Sources */ = {isa = PBXBuildFile; fileRef = F63E447320B9727E007B50B5 /* TextureCube.cpp */; };
		F63E447820B98E21007B50B5 /* SkyBox.cpp in Sources */ = {isa = PBXBuildFile; fileRef = F63E447620B98E21007B50B5 /* SkyBox.cpp */; };
		F6464CEA208B27330019A75F /* Vertex.cpp in Sources */ = {isa = PBXBuildFile; fileRef = F6464CE8208B27330019A75F /* Vertex.cpp */; };
		F6464CF0208B363C0019A75F /* Color.cpp in Sources */ = {isa = PBXBuildFile; fileRef = F6464CEE208B363C0019A75F /* Color.cpp */; };
		F6464CFA208C7E790019A75F /* MathUtil.cpp in Sources */ = {isa = PBXBuildFile; fileRef = F6464CF8208C7E790019A75F /* MathUtil.cpp */; };
		F6464D01208E3DBC0019A75F /* Camera.cpp in Sources */ = {isa = PBXBuildFile; fileRef = F6464CFF208E3DBC0019A75F /* Camera.cpp */; };
		F6464D04208E3E4D0019A75F /* Ref.cpp in Sources */ = {isa = PBXBuildFile; fileRef = F6464D02208E3E4D0019A75F /* Ref.cpp */; };
		F6464D07208E3E600019A75F /* Node.cpp in Sources */ = {isa = PBXBuildFile; fileRef = F6464D05208E3E600019A75F /* Node.cpp */; };
		F6464D13209B5FBF0019A75F /* Box.cpp in Sources */ = {isa = PBXBuildFile; fileRef = F6464D11209B5FBF0019A75F /* Box.cpp */; };
		F6464D19209D66800019A75F /* Mat4.cpp in Sources */ = {isa = PBXBuildFile; fileRef = F6464D17209D66800019A75F /* Mat4.cpp */; };
		F6758CD52088D6E00036A8E8 /* Cocoa.framework in Frameworks */ = {isa = PBXBuildFile; fileRef = F6758CD42088D6E00036A8E8 /* Cocoa.framework */; };
		F6758CD72088D6E00036A8E8 /* SDL2.framework in Frameworks */ = {isa = PBXBuildFile; fileRef = F6758CD62088D6E00036A8E8 /* SDL2.framework */; };
		F6758CDA2088D6E00036A8E8 /* main.cpp in Sources */ = {isa = PBXBuildFile; fileRef = F6758CD92088D6E00036A8E8 /* main.cpp */; };
		F6758CDF2088D6E00036A8E8 /* CApp.cpp in Sources */ = {isa = PBXBuildFile; fileRef = F6758CDE2088D6E00036A8E8 /* CApp.cpp */; };
		F6758CEC2089B9030036A8E8 /* Canvas.cpp in Sources */ = {isa = PBXBuildFile; fileRef = F6758CEA2089B9030036A8E8 /* Canvas.cpp */; };
		F6758CF02089BA570036A8E8 /* Vec.cpp in Sources */ = {isa = PBXBuildFile; fileRef = F6758CEE2089BA570036A8E8 /* Vec.cpp */; };
/* End PBXBuildFile section */

/* Begin PBXCopyFilesBuildPhase section */
		F6758CCF2088D6E00036A8E8 /* CopyFiles */ = {
			isa = PBXCopyFilesBuildPhase;
			buildActionMask = 2147483647;
			dstSubfolderSpec = 10;
			files = (
			);
			runOnlyForDeploymentPostprocessing = 1;
		};
/* End PBXCopyFilesBuildPhase section */

/* Begin PBXFileReference section */
		F616D56120A160790005B1B5 /* Shader.cpp */ = {isa = PBXFileReference; lastKnownFileType = sourcecode.cpp.cpp; path = Shader.cpp; sourceTree = "<group>"; };
		F616D56820AAAD390005B1B5 /* Texture.cpp */ = {isa = PBXFileReference; lastKnownFileType = sourcecode.cpp.cpp; path = Texture.cpp; sourceTree = "<group>"; };
		F616D56920AAAD390005B1B5 /* Texture.hpp */ = {isa = PBXFileReference; lastKnownFileType = sourcecode.cpp.h; path = Texture.hpp; sourceTree = "<group>"; };
		F616D56C20AB2FA70005B1B5 /* Bitmap.cpp */ = {isa = PBXFileReference; lastKnownFileType = sourcecode.cpp.cpp; path = Bitmap.cpp; sourceTree = "<group>"; };
		F616D56D20AB2FA70005B1B5 /* Bitmap.hpp */ = {isa = PBXFileReference; lastKnownFileType = sourcecode.cpp.h; path = Bitmap.hpp; sourceTree = "<group>"; };
		F616D57020AB38870005B1B5 /* stb_image.h */ = {isa = PBXFileReference; fileEncoding = 4; lastKnownFileType = sourcecode.c.h; path = stb_image.h; sourceTree = "<group>"; };
		F616D57420ABF4600005B1B5 /* box.obj */ = {isa = PBXFileReference; fileEncoding = 4; lastKnownFileType = text; path = box.obj; sourceTree = "<group>"; };
		F616D57620ABF4600005B1B5 /* arm_dif.png */ = {isa = PBXFileReference; lastKnownFileType = image.png; path = arm_dif.png; sourceTree = "<group>"; };
		F616D57720ABF4600005B1B5 /* arm_showroom_ddn.png */ = {isa = PBXFileReference; lastKnownFileType = image.png; path = arm_showroom_ddn.png; sourceTree = "<group>"; };
		F616D57820ABF4600005B1B5 /* arm_showroom_refl.png */ = {isa = PBXFileReference; lastKnownFileType = image.png; path = arm_showroom_refl.png; sourceTree = "<group>"; };
		F616D57920ABF4600005B1B5 /* arm_showroom_spec.png */ = {isa = PBXFileReference; lastKnownFileType = image.png; path = arm_showroom_spec.png; sourceTree = "<group>"; };
		F616D57A20ABF4600005B1B5 /* back.jpg */ = {isa = PBXFileReference; lastKnownFileType = image.jpeg; path = back.jpg; sourceTree = "<group>"; };
		F616D57B20ABF4600005B1B5 /* body_dif.png */ = {isa = PBXFileReference; lastKnownFileType = image.png; path = body_dif.png; sourceTree = "<group>"; };
		F616D57C20ABF4600005B1B5 /* body_showroom_ddn.png */ = {isa = PBXFileReference; lastKnownFileType = image.png; path = body_showroom_ddn.png; sourceTree = "<group>"; };
		F616D57D20ABF4600005B1B5 /* body_showroom_refl.png */ = {isa = PBXFileReference; lastKnownFileType = image.png; path = body_showroom_refl.png; sourceTree = "<group>"; };
		F616D57E20ABF4600005B1B5 /* body_showroom_spec.png */ = {isa = PBXFileReference; lastKnownFileType = image.png; path = body_showroom_spec.png; sourceTree = "<group>"; };
		F616D57F20ABF4600005B1B5 /* cell_arm_alpha.png */ = {isa = PBXFileReference; lastKnownFileType = image.png; path = cell_arm_alpha.png; sourceTree = "<group>"; };
		F616D58020ABF4600005B1B5 /* cell_body_alpha.png */ = {isa = PBXFileReference; lastKnownFileType = image.png; path = cell_body_alpha.png; sourceTree = "<group>"; };
		F616D58120ABF4600005B1B5 /* cell_ddn.png */ = {isa = PBXFileReference; lastKnownFileType = image.png; path = cell_ddn.png; sourceTree = "<group>"; };
		F616D58220ABF4600005B1B5 /* cell_hand_alpha.png */ = {isa = PBXFileReference; lastKnownFileType = image.png; path = cell_hand_alpha.png; sourceTree = "<group>"; };
		F616D58320ABF4600005B1B5 /* cell_helmet_alpha.png */ = {isa = PBXFileReference; lastKnownFileType = image.png; path = cell_helmet_alpha.png; sourceTree = "<group>"; };
		F616D58420ABF4600005B1B5 /* cell_leg_alpha.png */ = {isa = PBXFileReference; lastKnownFileType = image.png; path = cell_leg_alpha.png; sourceTree = "<group>"; };
		F616D58520ABF4600005B1B5 /* front.jpg */ = {isa = PBXFileReference; lastKnownFileType = image.jpeg; path = front.jpg; sourceTree = "<group>"; };
		F616D58620ABF4600005B1B5 /* glass_ddn.png */ = {isa = PBXFileReference; lastKnownFileType = image.png; path = glass_ddn.png; sourceTree = "<group>"; };
		F616D58720ABF4600005B1B5 /* glass_dif.png */ = {isa = PBXFileReference; lastKnownFileType = image.png; path = glass_dif.png; sourceTree = "<group>"; };
		F616D58820ABF4600005B1B5 /* glass_refl.png */ = {isa = PBXFileReference; lastKnownFileType = image.png; path = glass_refl.png; sourceTree = "<group>"; };
		F616D58920ABF4600005B1B5 /* hand_dif.png */ = {isa = PBXFileReference; lastKnownFileType = image.png; path = hand_dif.png; sourceTree = "<group>"; };
		F616D58A20ABF4600005B1B5 /* hand_showroom_ddn.png */ = {isa = PBXFileReference; lastKnownFileType = image.png; path = hand_showroom_ddn.png; sourceTree = "<group>"; };
		F616D58B20ABF4600005B1B5 /* hand_showroom_refl.png */ = {isa = PBXFileReference; lastKnownFileType = image.png; path = hand_showroom_refl.png; sourceTree = "<group>"; };
		F616D58C20ABF4600005B1B5 /* hand_showroom_spec.png */ = {isa = PBXFileReference; lastKnownFileType = image.png; path = hand_showroom_spec.png; sourceTree = "<group>"; };
		F616D58D20ABF4600005B1B5 /* helmet_diff.png */ = {isa = PBXFileReference; lastKnownFileType = image.png; path = helmet_diff.png; sourceTree = "<group>"; };
		F616D58E20ABF4600005B1B5 /* helmet_showroom_ddn.png */ = {isa = PBXFileReference; lastKnownFileType = image.png; path = helmet_showroom_ddn.png; sourceTree = "<group>"; };
		F616D58F20ABF4600005B1B5 /* helmet_showroom_refl.png */ = {isa = PBXFileReference; lastKnownFileType = image.png; path = helmet_showroom_refl.png; sourceTree = "<group>"; };
		F616D59020ABF4600005B1B5 /* helmet_showroom_spec.png */ = {isa = PBXFileReference; lastKnownFileType = image.png; path = helmet_showroom_spec.png; sourceTree = "<group>"; };
		F616D59120ABF4600005B1B5 /* leg_dif.png */ = {isa = PBXFileReference; lastKnownFileType = image.png; path = leg_dif.png; sourceTree = "<group>"; };
		F616D59220ABF4600005B1B5 /* leg_showroom_ddn.png */ = {isa = PBXFileReference; lastKnownFileType = image.png; path = leg_showroom_ddn.png; sourceTree = "<group>"; };
		F616D59320ABF4600005B1B5 /* leg_showroom_refl.png */ = {isa = PBXFileReference; lastKnownFileType = image.png; path = leg_showroom_refl.png; sourceTree = "<group>"; };
		F616D59420ABF4600005B1B5 /* leg_showroom_spec.png */ = {isa = PBXFileReference; lastKnownFileType = image.png; path = leg_showroom_spec.png; sourceTree = "<group>"; };
		F616D59520ABF4600005B1B5 /* nanosuit.mtl */ = {isa = PBXFileReference; fileEncoding = 4; lastKnownFileType = text; path = nanosuit.mtl; sourceTree = "<group>"; };
		F616D59620ABF4600005B1B5 /* nanosuit.obj */ = {isa = PBXFileReference; fileEncoding = 4; lastKnownFileType = text; path = nanosuit.obj; sourceTree = "<group>"; };
		F616D59820ABF4600005B1B5 /* planet.mtl */ = {isa = PBXFileReference; fileEncoding = 4; lastKnownFileType = text; path = planet.mtl; sourceTree = "<group>"; };
		F616D59920ABF4600005B1B5 /* planet.obj */ = {isa = PBXFileReference; fileEncoding = 4; lastKnownFileType = text; path = planet.obj; sourceTree = "<group>"; };
		F616D59A20ABF4600005B1B5 /* planet_Quom1200.png */ = {isa = PBXFileReference; lastKnownFileType = image.png; path = planet_Quom1200.png; sourceTree = "<group>"; };
		F616D59C20ABF4600005B1B5 /* Rock-Texture-Surface.jpg */ = {isa = PBXFileReference; lastKnownFileType = image.jpeg; path = "Rock-Texture-Surface.jpg"; sourceTree = "<group>"; };
		F616D59D20ABF4600005B1B5 /* rock.mtl */ = {isa = PBXFileReference; fileEncoding = 4; lastKnownFileType = text; path = rock.mtl; sourceTree = "<group>"; };
		F616D59E20ABF4600005B1B5 /* rock.obj */ = {isa = PBXFileReference; fileEncoding = 4; lastKnownFileType = text; path = rock.obj; sourceTree = "<group>"; };
		F616D5A720ABF4600005B1B5 /* back.jpg */ = {isa = PBXFileReference; lastKnownFileType = image.jpeg; path = back.jpg; sourceTree = "<group>"; };
		F616D5A820ABF4600005B1B5 /* bottom.jpg */ = {isa = PBXFileReference; lastKnownFileType = image.jpeg; path = bottom.jpg; sourceTree = "<group>"; };
		F616D5A920ABF4600005B1B5 /* front.jpg */ = {isa = PBXFileReference; lastKnownFileType = image.jpeg; path = front.jpg; sourceTree = "<group>"; };
		F616D5AA20ABF4600005B1B5 /* left.jpg */ = {isa = PBXFileReference; lastKnownFileType = image.jpeg; path = left.jpg; sourceTree = "<group>"; };
		F616D5AB20ABF4600005B1B5 /* right.jpg */ = {isa = PBXFileReference; lastKnownFileType = image.jpeg; path = right.jpg; sourceTree = "<group>"; };
		F616D5AC20ABF4600005B1B5 /* top.jpg */ = {isa = PBXFileReference; lastKnownFileType = image.jpeg; path = top.jpg; sourceTree = "<group>"; };
		F616D5AD20ABF4600005B1B5 /* wooden-crate.jpg */ = {isa = PBXFileReference; lastKnownFileType = image.jpeg; path = "wooden-crate.jpg"; sourceTree = "<group>"; };
		F616D5AE20ABF4600005B1B5 /* WusonOBJ.obj */ = {isa = PBXFileReference; fileEncoding = 4; lastKnownFileType = text; path = WusonOBJ.obj; sourceTree = "<group>"; };
		F616D5E620AC7FE50005B1B5 /* fileUtil.mm */ = {isa = PBXFileReference; lastKnownFileType = sourcecode.cpp.objcpp; path = fileUtil.mm; sourceTree = "<group>"; };
		F616D5E820AC806D0005B1B5 /* fileUtil.hpp */ = {isa = PBXFileReference; lastKnownFileType = sourcecode.cpp.h; path = fileUtil.hpp; sourceTree = "<group>"; };
		F616D5EB20AD4BF90005B1B5 /* HelloWorld.png */ = {isa = PBXFileReference; lastKnownFileType = image.png; path = HelloWorld.png; sourceTree = "<group>"; };
		F616D5ED20ADD8290005B1B5 /* skeleton.png */ = {isa = PBXFileReference; lastKnownFileType = image.png; path = skeleton.png; sourceTree = "<group>"; };
		F61AEBDC20AFAA9900DD8F80 /* PhongShader.cpp */ = {isa = PBXFileReference; lastKnownFileType = sourcecode.cpp.cpp; path = PhongShader.cpp; sourceTree = "<group>"; };
		F61AEBDD20AFAA9900DD8F80 /* PhongShader.hpp */ = {isa = PBXFileReference; lastKnownFileType = sourcecode.cpp.h; path = PhongShader.hpp; sourceTree = "<group>"; };
		F61AEBDF20B1272800DD8F80 /* Mesh.cpp */ = {isa = PBXFileReference; lastKnownFileType = sourcecode.cpp.cpp; path = Mesh.cpp; sourceTree = "<group>"; };
		F61AEBE020B1272800DD8F80 /* Mesh.hpp */ = {isa = PBXFileReference; lastKnownFileType = sourcecode.cpp.h; path = Mesh.hpp; sourceTree = "<group>"; };
		F61AEBE320B1296100DD8F80 /* Sprite3D.cpp */ = {isa = PBXFileReference; lastKnownFileType = sourcecode.cpp.cpp; path = Sprite3D.cpp; sourceTree = "<group>"; };
		F61AEBE420B1296100DD8F80 /* Sprite3D.hpp */ = {isa = PBXFileReference; lastKnownFileType = sourcecode.cpp.h; path = Sprite3D.hpp; sourceTree = "<group>"; };
		F61AEBE720B197EE00DD8F80 /* ai_assert.h */ = {isa = PBXFileReference; fileEncoding = 4; lastKnownFileType = sourcecode.c.h; path = ai_assert.h; sourceTree = "<group>"; };
		F61AEBE820B197EE00DD8F80 /* anim.h */ = {isa = PBXFileReference; fileEncoding = 4; lastKnownFileType = sourcecode.c.h; path = anim.h; sourceTree = "<group>"; };
		F61AEBE920B197EE00DD8F80 /* camera.h */ = {isa = PBXFileReference; fileEncoding = 4; lastKnownFileType = sourcecode.c.h; path = camera.h; sourceTree = "<group>"; };
		F61AEBEA20B197EE00DD8F80 /* cexport.h */ = {isa = PBXFileReference; fileEncoding = 4; lastKnownFileType = sourcecode.c.h; path = cexport.h; sourceTree = "<group>"; };
		F61AEBEB20B197EE00DD8F80 /* cfileio.h */ = {isa = PBXFileReference; fileEncoding = 4; lastKnownFileType = sourcecode.c.h; path = cfileio.h; sourceTree = "<group>"; };
		F61AEBEC20B197EE00DD8F80 /* cimport.h */ = {isa = PBXFileReference; fileEncoding = 4; lastKnownFileType = sourcecode.c.h; path = cimport.h; sourceTree = "<group>"; };
		F61AEBED20B197EE00DD8F80 /* color4.h */ = {isa = PBXFileReference; fileEncoding = 4; lastKnownFileType = sourcecode.c.h; path = color4.h; sourceTree = "<group>"; };
		F61AEBEE20B197EE00DD8F80 /* color4.inl */ = {isa = PBXFileReference; fileEncoding = 4; lastKnownFileType = text; path = color4.inl; sourceTree = "<group>"; };
		F61AEBF020B197EE00DD8F80 /* poppack1.h */ = {isa = PBXFileReference; fileEncoding = 4; lastKnownFileType = sourcecode.c.h; path = poppack1.h; sourceTree = "<group>"; };
		F61AEBF120B197EE00DD8F80 /* pstdint.h */ = {isa = PBXFileReference; fileEncoding = 4; lastKnownFileType = sourcecode.c.h; path = pstdint.h; sourceTree = "<group>"; };
		F61AEBF220B197EE00DD8F80 /* pushpack1.h */ = {isa = PBXFileReference; fileEncoding = 4; lastKnownFileType = sourcecode.c.h; path = pushpack1.h; sourceTree = "<group>"; };
		F61AEBF320B197EE00DD8F80 /* config.h */ = {isa = PBXFileReference; fileEncoding = 4; lastKnownFileType = sourcecode.c.h; path = config.h; sourceTree = "<group>"; };
		F61AEBF420B197EE00DD8F80 /* DefaultLogger.hpp */ = {isa = PBXFileReference; fileEncoding = 4; lastKnownFileType = sourcecode.cpp.h; path = DefaultLogger.hpp; sourceTree = "<group>"; };
		F61AEBF520B197EE00DD8F80 /* defs.h */ = {isa = PBXFileReference; fileEncoding = 4; lastKnownFileType = sourcecode.c.h; path = defs.h; sourceTree = "<group>"; };
		F61AEBF620B197EE00DD8F80 /* Exporter.hpp */ = {isa = PBXFileReference; fileEncoding = 4; lastKnownFileType = sourcecode.cpp.h; path = Exporter.hpp; sourceTree = "<group>"; };
		F61AEBF720B197EE00DD8F80 /* Importer.hpp */ = {isa = PBXFileReference; fileEncoding = 4; lastKnownFileType = sourcecode.cpp.h; path = Importer.hpp; sourceTree = "<group>"; };
		F61AEBF820B197EE00DD8F80 /* importerdesc.h */ = {isa = PBXFileReference; fileEncoding = 4; lastKnownFileType = sourcecode.c.h; path = importerdesc.h; sourceTree = "<group>"; };
		F61AEBF920B197EE00DD8F80 /* IOStream.hpp */ = {isa = PBXFileReference; fileEncoding = 4; lastKnownFileType = sourcecode.cpp.h; path = IOStream.hpp; sourceTree = "<group>"; };
		F61AEBFA20B197EE00DD8F80 /* IOSystem.hpp */ = {isa = PBXFileReference; fileEncoding = 4; lastKnownFileType = sourcecode.cpp.h; path = IOSystem.hpp; sourceTree = "<group>"; };
		F61AEBFB20B197EE00DD8F80 /* light.h */ = {isa = PBXFileReference; fileEncoding = 4; lastKnownFileType = sourcecode.c.h; path = light.h; sourceTree = "<group>"; };
		F61AEBFC20B197EE00DD8F80 /* Logger.hpp */ = {isa = PBXFileReference; fileEncoding = 4; lastKnownFileType = sourcecode.cpp.h; path = Logger.hpp; sourceTree = "<group>"; };
		F61AEBFD20B197EE00DD8F80 /* LogStream.hpp */ = {isa = PBXFileReference; fileEncoding = 4; lastKnownFileType = sourcecode.cpp.h; path = LogStream.hpp; sourceTree = "<group>"; };
		F61AEBFE20B197EE00DD8F80 /* material.h */ = {isa = PBXFileReference; fileEncoding = 4; lastKnownFileType = sourcecode.c.h; path = material.h; sourceTree = "<group>"; };
		F61AEBFF20B197EE00DD8F80 /* material.inl */ = {isa = PBXFileReference; fileEncoding = 4; lastKnownFileType = text; path = material.inl; sourceTree = "<group>"; };
		F61AEC0020B197EE00DD8F80 /* matrix3x3.h */ = {isa = PBXFileReference; fileEncoding = 4; lastKnownFileType = sourcecode.c.h; path = matrix3x3.h; sourceTree = "<group>"; };
		F61AEC0120B197EE00DD8F80 /* matrix3x3.inl */ = {isa = PBXFileReference; fileEncoding = 4; lastKnownFileType = text; path = matrix3x3.inl; sourceTree = "<group>"; };
		F61AEC0220B197EE00DD8F80 /* matrix4x4.h */ = {isa = PBXFileReference; fileEncoding = 4; lastKnownFileType = sourcecode.c.h; path = matrix4x4.h; sourceTree = "<group>"; };
		F61AEC0320B197EE00DD8F80 /* matrix4x4.inl */ = {isa = PBXFileReference; fileEncoding = 4; lastKnownFileType = text; path = matrix4x4.inl; sourceTree = "<group>"; };
		F61AEC0420B197EE00DD8F80 /* mesh.h */ = {isa = PBXFileReference; fileEncoding = 4; lastKnownFileType = sourcecode.c.h; path = mesh.h; sourceTree = "<group>"; };
		F61AEC0520B197EE00DD8F80 /* metadata.h */ = {isa = PBXFileReference; fileEncoding = 4; lastKnownFileType = sourcecode.c.h; path = metadata.h; sourceTree = "<group>"; };
		F61AEC0620B197EE00DD8F80 /* NullLogger.hpp */ = {isa = PBXFileReference; fileEncoding = 4; lastKnownFileType = sourcecode.cpp.h; path = NullLogger.hpp; sourceTree = "<group>"; };
		F61AEC0720B197EE00DD8F80 /* postprocess.h */ = {isa = PBXFileReference; fileEncoding = 4; lastKnownFileType = sourcecode.c.h; path = postprocess.h; sourceTree = "<group>"; };
		F61AEC0820B197EE00DD8F80 /* ProgressHandler.hpp */ = {isa = PBXFileReference; fileEncoding = 4; lastKnownFileType = sourcecode.cpp.h; path = ProgressHandler.hpp; sourceTree = "<group>"; };
		F61AEC0920B197EE00DD8F80 /* quaternion.h */ = {isa = PBXFileReference; fileEncoding = 4; lastKnownFileType = sourcecode.c.h; path = quaternion.h; sourceTree = "<group>"; };
		F61AEC0A20B197EE00DD8F80 /* quaternion.inl */ = {isa = PBXFileReference; fileEncoding = 4; lastKnownFileType = text; path = quaternion.inl; sourceTree = "<group>"; };
		F61AEC0B20B197EE00DD8F80 /* scene.h */ = {isa = PBXFileReference; fileEncoding = 4; lastKnownFileType = sourcecode.c.h; path = scene.h; sourceTree = "<group>"; };
		F61AEC0C20B197EE00DD8F80 /* texture.h */ = {isa = PBXFileReference; fileEncoding = 4; lastKnownFileType = sourcecode.c.h; path = texture.h; sourceTree = "<group>"; };
		F61AEC0D20B197EE00DD8F80 /* types.h */ = {isa = PBXFileReference; fileEncoding = 4; lastKnownFileType = sourcecode.c.h; path = types.h; sourceTree = "<group>"; };
		F61AEC0E20B197EE00DD8F80 /* vector2.h */ = {isa = PBXFileReference; fileEncoding = 4; lastKnownFileType = sourcecode.c.h; path = vector2.h; sourceTree = "<group>"; };
		F61AEC0F20B197EE00DD8F80 /* vector2.inl */ = {isa = PBXFileReference; fileEncoding = 4; lastKnownFileType = text; path = vector2.inl; sourceTree = "<group>"; };
		F61AEC1020B197EE00DD8F80 /* vector3.h */ = {isa = PBXFileReference; fileEncoding = 4; lastKnownFileType = sourcecode.c.h; path = vector3.h; sourceTree = "<group>"; };
		F61AEC1120B197EE00DD8F80 /* vector3.inl */ = {isa = PBXFileReference; fileEncoding = 4; lastKnownFileType = text; path = vector3.inl; sourceTree = "<group>"; };
		F61AEC1220B197EE00DD8F80 /* version.h */ = {isa = PBXFileReference; fileEncoding = 4; lastKnownFileType = sourcecode.c.h; path = version.h; sourceTree = "<group>"; };
		F61AEC1C20B19CCC00DD8F80 /* libassimp.a */ = {isa = PBXFileReference; lastKnownFileType = archive.ar; name = libassimp.a; path = "Z-Renderer/lib/libassimp.a"; sourceTree = "<group>"; };
		F61AEC2620B1B2BD00DD8F80 /* libz.1.2.5.dylib */ = {isa = PBXFileReference; lastKnownFileType = "compiled.mach-o.dylib"; name = libz.1.2.5.dylib; path = ../../../../../../usr/lib/libz.1.2.5.dylib; sourceTree = "<group>"; };
		F61AEC2820B1BE8000DD8F80 /* Sprite3DShader.cpp */ = {isa = PBXFileReference; lastKnownFileType = sourcecode.cpp.cpp; path = Sprite3DShader.cpp; sourceTree = "<group>"; };
		F61AEC2920B1BE8000DD8F80 /* Sprite3DShader.hpp */ = {isa = PBXFileReference; lastKnownFileType = sourcecode.cpp.h; path = Sprite3DShader.hpp; sourceTree = "<group>"; };
		F61AEC2B20B28D7900DD8F80 /* pumpkin.obj */ = {isa = PBXFileReference; fileEncoding = 4; lastKnownFileType = text; path = pumpkin.obj; sourceTree = "<group>"; };
		F61AEC2C20B28D7A00DD8F80 /* sample.obj */ = {isa = PBXFileReference; fileEncoding = 4; lastKnownFileType = text; path = sample.obj; sourceTree = "<group>"; };
		F61AEC2D20B28D7A00DD8F80 /* teapot.obj */ = {isa = PBXFileReference; fileEncoding = 4; lastKnownFileType = text; path = teapot.obj; sourceTree = "<group>"; };
		F61AEC2E20B28D7A00DD8F80 /* cow.obj */ = {isa = PBXFileReference; fileEncoding = 4; lastKnownFileType = text; path = cow.obj; sourceTree = "<group>"; };
		F61AEC2F20B28D7A00DD8F80 /* teddy.obj */ = {isa = PBXFileReference; fileEncoding = 4; lastKnownFileType = text; path = teddy.obj; sourceTree = "<group>"; };
		F63E446720B2AC94007B50B5 /* Ground.cpp */ = {isa = PBXFileReference; lastKnownFileType = sourcecode.cpp.cpp; path = Ground.cpp; sourceTree = "<group>"; };
		F63E446820B2AC94007B50B5 /* Ground.hpp */ = {isa = PBXFileReference; lastKnownFileType = sourcecode.cpp.h; path = Ground.hpp; sourceTree = "<group>"; };
		F63E447020B9714F007B50B5 /* SkyBoxShader.cpp */ = {isa = PBXFileReference; lastKnownFileType = sourcecode.cpp.cpp; path = SkyBoxShader.cpp; sourceTree = "<group>"; };
		F63E447120B9714F007B50B5 /* SkyBoxShader.hpp */ = {isa = PBXFileReference; lastKnownFileType = sourcecode.cpp.h; path = SkyBoxShader.hpp; sourceTree = "<group>"; };
		F63E447320B9727E007B50B5 /* TextureCube.cpp */ = {isa = PBXFileReference; lastKnownFileType = sourcecode.cpp.cpp; path = TextureCube.cpp; sourceTree = "<group>"; };
		F63E447420B9727E007B50B5 /* TextureCube.hpp */ = {isa = PBXFileReference; lastKnownFileType = sourcecode.cpp.h; path = TextureCube.hpp; sourceTree = "<group>"; };
		F63E447620B98E21007B50B5 /* SkyBox.cpp */ = {isa = PBXFileReference; lastKnownFileType = sourcecode.cpp.cpp; path = SkyBox.cpp; sourceTree = "<group>"; };
		F63E447720B98E21007B50B5 /* SkyBox.hpp */ = {isa = PBXFileReference; lastKnownFileType = sourcecode.cpp.h; path = SkyBox.hpp; sourceTree = "<group>"; };
		F6464CE6208B1FAF0019A75F /* Macro.h */ = {isa = PBXFileReference; lastKnownFileType = sourcecode.c.h; path = Macro.h; sourceTree = "<group>"; };
		F6464CE8208B27330019A75F /* Vertex.cpp */ = {isa = PBXFileReference; lastKnownFileType = sourcecode.cpp.cpp; path = Vertex.cpp; sourceTree = "<group>"; };
		F6464CE9208B27330019A75F /* Vertex.hpp */ = {isa = PBXFileReference; lastKnownFileType = sourcecode.cpp.h; path = Vertex.hpp; sourceTree = "<group>"; };
		F6464CEE208B363C0019A75F /* Color.cpp */ = {isa = PBXFileReference; lastKnownFileType = sourcecode.cpp.cpp; path = Color.cpp; sourceTree = "<group>"; };
		F6464CEF208B363C0019A75F /* Color.hpp */ = {isa = PBXFileReference; lastKnownFileType = sourcecode.cpp.h; path = Color.hpp; sourceTree = "<group>"; };
		F6464CF8208C7E790019A75F /* MathUtil.cpp */ = {isa = PBXFileReference; lastKnownFileType = sourcecode.cpp.cpp; path = MathUtil.cpp; sourceTree = "<group>"; };
		F6464CF9208C7E790019A75F /* MathUtil.hpp */ = {isa = PBXFileReference; lastKnownFileType = sourcecode.cpp.h; path = MathUtil.hpp; sourceTree = "<group>"; };
		F6464CFC208E39680019A75F /* Shader.hpp */ = {isa = PBXFileReference; lastKnownFileType = sourcecode.cpp.h; path = Shader.hpp; sourceTree = "<group>"; };
		F6464CFF208E3DBC0019A75F /* Camera.cpp */ = {isa = PBXFileReference; lastKnownFileType = sourcecode.cpp.cpp; path = Camera.cpp; sourceTree = "<group>"; };
		F6464D00208E3DBC0019A75F /* Camera.hpp */ = {isa = PBXFileReference; lastKnownFileType = sourcecode.cpp.h; path = Camera.hpp; sourceTree = "<group>"; };
		F6464D02208E3E4D0019A75F /* Ref.cpp */ = {isa = PBXFileReference; lastKnownFileType = sourcecode.cpp.cpp; path = Ref.cpp; sourceTree = "<group>"; };
		F6464D03208E3E4D0019A75F /* Ref.hpp */ = {isa = PBXFileReference; lastKnownFileType = sourcecode.cpp.h; path = Ref.hpp; sourceTree = "<group>"; };
		F6464D05208E3E600019A75F /* Node.cpp */ = {isa = PBXFileReference; lastKnownFileType = sourcecode.cpp.cpp; path = Node.cpp; sourceTree = "<group>"; };
		F6464D06208E3E600019A75F /* Node.hpp */ = {isa = PBXFileReference; lastKnownFileType = sourcecode.cpp.h; path = Node.hpp; sourceTree = "<group>"; };
		F6464D11209B5FBF0019A75F /* Box.cpp */ = {isa = PBXFileReference; lastKnownFileType = sourcecode.cpp.cpp; path = Box.cpp; sourceTree = "<group>"; };
		F6464D12209B5FBF0019A75F /* Box.hpp */ = {isa = PBXFileReference; lastKnownFileType = sourcecode.cpp.h; path = Box.hpp; sourceTree = "<group>"; };
		F6464D17209D66800019A75F /* Mat4.cpp */ = {isa = PBXFileReference; lastKnownFileType = sourcecode.cpp.cpp; path = Mat4.cpp; sourceTree = "<group>"; };
		F6464D18209D66800019A75F /* Mat4.hpp */ = {isa = PBXFileReference; lastKnownFileType = sourcecode.cpp.h; path = Mat4.hpp; sourceTree = "<group>"; };
		F6758CD12088D6E00036A8E8 /* Z-Renderer.app */ = {isa = PBXFileReference; explicitFileType = wrapper.application; includeInIndex = 0; path = "Z-Renderer.app"; sourceTree = BUILT_PRODUCTS_DIR; };
		F6758CD42088D6E00036A8E8 /* Cocoa.framework */ = {isa = PBXFileReference; lastKnownFileType = wrapper.framework; name = Cocoa.framework; path = System/Library/Frameworks/Cocoa.framework; sourceTree = SDKROOT; };
		F6758CD62088D6E00036A8E8 /* SDL2.framework */ = {isa = PBXFileReference; lastKnownFileType = wrapper.framework; name = SDL2.framework; path = Library/Frameworks/../../../../../../../../../Library/Frameworks/SDL2.framework; sourceTree = DEVELOPER_DIR; };
		F6758CD92088D6E00036A8E8 /* main.cpp */ = {isa = PBXFileReference; lastKnownFileType = sourcecode.cpp.cpp; path = main.cpp; sourceTree = "<group>"; };
		F6758CDC2088D6E00036A8E8 /* CApp.h */ = {isa = PBXFileReference; lastKnownFileType = sourcecode.c.h; path = CApp.h; sourceTree = "<group>"; };
		F6758CDE2088D6E00036A8E8 /* CApp.cpp */ = {isa = PBXFileReference; lastKnownFileType = sourcecode.cpp.cpp; path = CApp.cpp; sourceTree = "<group>"; };
		F6758CEA2089B9030036A8E8 /* Canvas.cpp */ = {isa = PBXFileReference; lastKnownFileType = sourcecode.cpp.cpp; path = Canvas.cpp; sourceTree = "<group>"; };
		F6758CEB2089B9030036A8E8 /* Canvas.hpp */ = {isa = PBXFileReference; lastKnownFileType = sourcecode.cpp.h; path = Canvas.hpp; sourceTree = "<group>"; };
		F6758CEE2089BA570036A8E8 /* Vec.cpp */ = {isa = PBXFileReference; lastKnownFileType = sourcecode.cpp.cpp; path = Vec.cpp; sourceTree = "<group>"; };
		F6758CEF2089BA570036A8E8 /* Vec.hpp */ = {isa = PBXFileReference; lastKnownFileType = sourcecode.cpp.h; path = Vec.hpp; sourceTree = "<group>"; };
/* End PBXFileReference section */

/* Begin PBXFrameworksBuildPhase section */
		F6758CCD2088D6E00036A8E8 /* Frameworks */ = {
			isa = PBXFrameworksBuildPhase;
			buildActionMask = 2147483647;
			files = (
				F61AEC2720B1B2BD00DD8F80 /* libz.1.2.5.dylib in Frameworks */,
				F6758CD52088D6E00036A8E8 /* Cocoa.framework in Frameworks */,
				F6758CD72088D6E00036A8E8 /* SDL2.framework in Frameworks */,
				F61AEC1D20B19CCC00DD8F80 /* libassimp.a in Frameworks */,
			);
			runOnlyForDeploymentPostprocessing = 0;
		};
/* End PBXFrameworksBuildPhase section */

/* Begin PBXGroup section */
		F616D56B20AB2E4A0005B1B5 /* util */ = {
			isa = PBXGroup;
			children = (
				F61AEBE620B197EE00DD8F80 /* assimp */,
				F616D56F20AB38870005B1B5 /* stb_image */,
				F616D56C20AB2FA70005B1B5 /* Bitmap.cpp */,
				F616D56D20AB2FA70005B1B5 /* Bitmap.hpp */,
				F616D5E620AC7FE50005B1B5 /* fileUtil.mm */,
				F616D5E820AC806D0005B1B5 /* fileUtil.hpp */,
			);
			path = util;
			sourceTree = "<group>";
		};
		F616D56F20AB38870005B1B5 /* stb_image */ = {
			isa = PBXGroup;
			children = (
				F616D57020AB38870005B1B5 /* stb_image.h */,
			);
			path = stb_image;
			sourceTree = "<group>";
		};
		F616D57320ABF4600005B1B5 /* res */ = {
			isa = PBXGroup;
			children = (
				F61AEC2E20B28D7A00DD8F80 /* cow.obj */,
				F61AEC2B20B28D7900DD8F80 /* pumpkin.obj */,
				F61AEC2C20B28D7A00DD8F80 /* sample.obj */,
				F61AEC2D20B28D7A00DD8F80 /* teapot.obj */,
				F61AEC2F20B28D7A00DD8F80 /* teddy.obj */,
				F616D5ED20ADD8290005B1B5 /* skeleton.png */,
				F616D5EB20AD4BF90005B1B5 /* HelloWorld.png */,
				F616D57420ABF4600005B1B5 /* box.obj */,
				F616D57520ABF4600005B1B5 /* nanosuit */,
				F616D59720ABF4600005B1B5 /* planet */,
				F616D59B20ABF4600005B1B5 /* rock */,
				F616D5A620ABF4600005B1B5 /* skyBox */,
				F616D5AD20ABF4600005B1B5 /* wooden-crate.jpg */,
				F616D5AE20ABF4600005B1B5 /* WusonOBJ.obj */,
			);
			path = res;
			sourceTree = "<group>";
		};
		F616D57520ABF4600005B1B5 /* nanosuit */ = {
			isa = PBXGroup;
			children = (
				F616D57620ABF4600005B1B5 /* arm_dif.png */,
				F616D57720ABF4600005B1B5 /* arm_showroom_ddn.png */,
				F616D57820ABF4600005B1B5 /* arm_showroom_refl.png */,
				F616D57920ABF4600005B1B5 /* arm_showroom_spec.png */,
				F616D57A20ABF4600005B1B5 /* back.jpg */,
				F616D57B20ABF4600005B1B5 /* body_dif.png */,
				F616D57C20ABF4600005B1B5 /* body_showroom_ddn.png */,
				F616D57D20ABF4600005B1B5 /* body_showroom_refl.png */,
				F616D57E20ABF4600005B1B5 /* body_showroom_spec.png */,
				F616D57F20ABF4600005B1B5 /* cell_arm_alpha.png */,
				F616D58020ABF4600005B1B5 /* cell_body_alpha.png */,
				F616D58120ABF4600005B1B5 /* cell_ddn.png */,
				F616D58220ABF4600005B1B5 /* cell_hand_alpha.png */,
				F616D58320ABF4600005B1B5 /* cell_helmet_alpha.png */,
				F616D58420ABF4600005B1B5 /* cell_leg_alpha.png */,
				F616D58520ABF4600005B1B5 /* front.jpg */,
				F616D58620ABF4600005B1B5 /* glass_ddn.png */,
				F616D58720ABF4600005B1B5 /* glass_dif.png */,
				F616D58820ABF4600005B1B5 /* glass_refl.png */,
				F616D58920ABF4600005B1B5 /* hand_dif.png */,
				F616D58A20ABF4600005B1B5 /* hand_showroom_ddn.png */,
				F616D58B20ABF4600005B1B5 /* hand_showroom_refl.png */,
				F616D58C20ABF4600005B1B5 /* hand_showroom_spec.png */,
				F616D58D20ABF4600005B1B5 /* helmet_diff.png */,
				F616D58E20ABF4600005B1B5 /* helmet_showroom_ddn.png */,
				F616D58F20ABF4600005B1B5 /* helmet_showroom_refl.png */,
				F616D59020ABF4600005B1B5 /* helmet_showroom_spec.png */,
				F616D59120ABF4600005B1B5 /* leg_dif.png */,
				F616D59220ABF4600005B1B5 /* leg_showroom_ddn.png */,
				F616D59320ABF4600005B1B5 /* leg_showroom_refl.png */,
				F616D59420ABF4600005B1B5 /* leg_showroom_spec.png */,
				F616D59520ABF4600005B1B5 /* nanosuit.mtl */,
				F616D59620ABF4600005B1B5 /* nanosuit.obj */,
			);
			path = nanosuit;
			sourceTree = "<group>";
		};
		F616D59720ABF4600005B1B5 /* planet */ = {
			isa = PBXGroup;
			children = (
				F616D59820ABF4600005B1B5 /* planet.mtl */,
				F616D59920ABF4600005B1B5 /* planet.obj */,
				F616D59A20ABF4600005B1B5 /* planet_Quom1200.png */,
			);
			path = planet;
			sourceTree = "<group>";
		};
		F616D59B20ABF4600005B1B5 /* rock */ = {
			isa = PBXGroup;
			children = (
				F616D59C20ABF4600005B1B5 /* Rock-Texture-Surface.jpg */,
				F616D59D20ABF4600005B1B5 /* rock.mtl */,
				F616D59E20ABF4600005B1B5 /* rock.obj */,
			);
			path = rock;
			sourceTree = "<group>";
		};
		F616D5A620ABF4600005B1B5 /* skyBox */ = {
			isa = PBXGroup;
			children = (
				F616D5A720ABF4600005B1B5 /* back.jpg */,
				F616D5A820ABF4600005B1B5 /* bottom.jpg */,
				F616D5A920ABF4600005B1B5 /* front.jpg */,
				F616D5AA20ABF4600005B1B5 /* left.jpg */,
				F616D5AB20ABF4600005B1B5 /* right.jpg */,
				F616D5AC20ABF4600005B1B5 /* top.jpg */,
			);
			path = skyBox;
			sourceTree = "<group>";
		};
		F61AEBE220B128CF00DD8F80 /* 3D */ = {
			isa = PBXGroup;
			children = (
				F61AEBDF20B1272800DD8F80 /* Mesh.cpp */,
				F61AEBE020B1272800DD8F80 /* Mesh.hpp */,
				F61AEBE320B1296100DD8F80 /* Sprite3D.cpp */,
				F61AEBE420B1296100DD8F80 /* Sprite3D.hpp */,
				F61AEC2820B1BE8000DD8F80 /* Sprite3DShader.cpp */,
				F61AEC2920B1BE8000DD8F80 /* Sprite3DShader.hpp */,
				F61AEBDC20AFAA9900DD8F80 /* PhongShader.cpp */,
				F61AEBDD20AFAA9900DD8F80 /* PhongShader.hpp */,
			);
			path = 3D;
			sourceTree = "<group>";
		};
		F61AEBE620B197EE00DD8F80 /* assimp */ = {
			isa = PBXGroup;
			children = (
				F61AEBE720B197EE00DD8F80 /* ai_assert.h */,
				F61AEBE820B197EE00DD8F80 /* anim.h */,
				F61AEBE920B197EE00DD8F80 /* camera.h */,
				F61AEBEA20B197EE00DD8F80 /* cexport.h */,
				F61AEBEB20B197EE00DD8F80 /* cfileio.h */,
				F61AEBEC20B197EE00DD8F80 /* cimport.h */,
				F61AEBED20B197EE00DD8F80 /* color4.h */,
				F61AEBEE20B197EE00DD8F80 /* color4.inl */,
				F61AEBEF20B197EE00DD8F80 /* Compiler */,
				F61AEBF320B197EE00DD8F80 /* config.h */,
				F61AEBF420B197EE00DD8F80 /* DefaultLogger.hpp */,
				F61AEBF520B197EE00DD8F80 /* defs.h */,
				F61AEBF620B197EE00DD8F80 /* Exporter.hpp */,
				F61AEBF720B197EE00DD8F80 /* Importer.hpp */,
				F61AEBF820B197EE00DD8F80 /* importerdesc.h */,
				F61AEBF920B197EE00DD8F80 /* IOStream.hpp */,
				F61AEBFA20B197EE00DD8F80 /* IOSystem.hpp */,
				F61AEBFB20B197EE00DD8F80 /* light.h */,
				F61AEBFC20B197EE00DD8F80 /* Logger.hpp */,
				F61AEBFD20B197EE00DD8F80 /* LogStream.hpp */,
				F61AEBFE20B197EE00DD8F80 /* material.h */,
				F61AEBFF20B197EE00DD8F80 /* material.inl */,
				F61AEC0020B197EE00DD8F80 /* matrix3x3.h */,
				F61AEC0120B197EE00DD8F80 /* matrix3x3.inl */,
				F61AEC0220B197EE00DD8F80 /* matrix4x4.h */,
				F61AEC0320B197EE00DD8F80 /* matrix4x4.inl */,
				F61AEC0420B197EE00DD8F80 /* mesh.h */,
				F61AEC0520B197EE00DD8F80 /* metadata.h */,
				F61AEC0620B197EE00DD8F80 /* NullLogger.hpp */,
				F61AEC0720B197EE00DD8F80 /* postprocess.h */,
				F61AEC0820B197EE00DD8F80 /* ProgressHandler.hpp */,
				F61AEC0920B197EE00DD8F80 /* quaternion.h */,
				F61AEC0A20B197EE00DD8F80 /* quaternion.inl */,
				F61AEC0B20B197EE00DD8F80 /* scene.h */,
				F61AEC0C20B197EE00DD8F80 /* texture.h */,
				F61AEC0D20B197EE00DD8F80 /* types.h */,
				F61AEC0E20B197EE00DD8F80 /* vector2.h */,
				F61AEC0F20B197EE00DD8F80 /* vector2.inl */,
				F61AEC1020B197EE00DD8F80 /* vector3.h */,
				F61AEC1120B197EE00DD8F80 /* vector3.inl */,
				F61AEC1220B197EE00DD8F80 /* version.h */,
			);
			path = assimp;
			sourceTree = "<group>";
		};
		F61AEBEF20B197EE00DD8F80 /* Compiler */ = {
			isa = PBXGroup;
			children = (
				F61AEBF020B197EE00DD8F80 /* poppack1.h */,
				F61AEBF120B197EE00DD8F80 /* pstdint.h */,
				F61AEBF220B197EE00DD8F80 /* pushpack1.h */,
			);
			path = Compiler;
			sourceTree = "<group>";
		};
		F63E446F20B970E7007B50B5 /* skyBox */ = {
			isa = PBXGroup;
			children = (
				F63E447020B9714F007B50B5 /* SkyBoxShader.cpp */,
				F63E447120B9714F007B50B5 /* SkyBoxShader.hpp */,
				F63E447620B98E21007B50B5 /* SkyBox.cpp */,
				F63E447720B98E21007B50B5 /* SkyBox.hpp */,
			);
			path = skyBox;
			sourceTree = "<group>";
		};
		F6464CE7208B26CC0019A75F /* paint */ = {
			isa = PBXGroup;
			children = (
				F6758CEA2089B9030036A8E8 /* Canvas.cpp */,
				F6758CEB2089B9030036A8E8 /* Canvas.hpp */,
				F6464CE8208B27330019A75F /* Vertex.cpp */,
				F6464CE9208B27330019A75F /* Vertex.hpp */,
				F6464CEE208B363C0019A75F /* Color.cpp */,
				F6464CEF208B363C0019A75F /* Color.hpp */,
				F6464CFC208E39680019A75F /* Shader.hpp */,
				F616D56120A160790005B1B5 /* Shader.cpp */,
			);
			path = paint;
			sourceTree = "<group>";
		};
		F6464CFE208E3D820019A75F /* base */ = {
			isa = PBXGroup;
			children = (
				F6464CFF208E3DBC0019A75F /* Camera.cpp */,
				F6464D00208E3DBC0019A75F /* Camera.hpp */,
				F6464D02208E3E4D0019A75F /* Ref.cpp */,
				F6464D03208E3E4D0019A75F /* Ref.hpp */,
				F6464D05208E3E600019A75F /* Node.cpp */,
				F6464D06208E3E600019A75F /* Node.hpp */,
				F616D56820AAAD390005B1B5 /* Texture.cpp */,
				F616D56920AAAD390005B1B5 /* Texture.hpp */,
				F63E447320B9727E007B50B5 /* TextureCube.cpp */,
				F63E447420B9727E007B50B5 /* TextureCube.hpp */,
			);
			path = base;
			sourceTree = "<group>";
		};
		F6464D10209B5F930019A75F /* test */ = {
			isa = PBXGroup;
			children = (
				F6464D11209B5FBF0019A75F /* Box.cpp */,
				F6464D12209B5FBF0019A75F /* Box.hpp */,
				F63E446720B2AC94007B50B5 /* Ground.cpp */,
				F63E446820B2AC94007B50B5 /* Ground.hpp */,
			);
			path = test;
			sourceTree = "<group>";
		};
		F6758CC72088D6E00036A8E8 = {
			isa = PBXGroup;
			children = (
				F6758CD82088D6E00036A8E8 /* Z-Renderer */,
				F6758CD32088D6E00036A8E8 /* Frameworks */,
				F6758CD22088D6E00036A8E8 /* Products */,
			);
			sourceTree = "<group>";
		};
		F6758CD22088D6E00036A8E8 /* Products */ = {
			isa = PBXGroup;
			children = (
				F6758CD12088D6E00036A8E8 /* Z-Renderer.app */,
			);
			name = Products;
			sourceTree = "<group>";
		};
		F6758CD32088D6E00036A8E8 /* Frameworks */ = {
			isa = PBXGroup;
			children = (
				F61AEC2620B1B2BD00DD8F80 /* libz.1.2.5.dylib */,
				F61AEC1C20B19CCC00DD8F80 /* libassimp.a */,
				F6758CD42088D6E00036A8E8 /* Cocoa.framework */,
				F6758CD62088D6E00036A8E8 /* SDL2.framework */,
			);
			name = Frameworks;
			sourceTree = "<group>";
		};
		F6758CD82088D6E00036A8E8 /* Z-Renderer */ = {
			isa = PBXGroup;
			children = (
				F63E446F20B970E7007B50B5 /* skyBox */,
				F61AEBE220B128CF00DD8F80 /* 3D */,
				F616D56B20AB2E4A0005B1B5 /* util */,
				F6464D10209B5F930019A75F /* test */,
				F6464CFE208E3D820019A75F /* base */,
				F6464CE7208B26CC0019A75F /* paint */,
				F6758CE82088EFF90036A8E8 /* common */,
				F6758CE62088EF710036A8E8 /* math */,
				F616D57320ABF4600005B1B5 /* res */,
				F6758CD92088D6E00036A8E8 /* main.cpp */,
			);
			path = "Z-Renderer";
			sourceTree = "<group>";
		};
		F6758CE62088EF710036A8E8 /* math */ = {
			isa = PBXGroup;
			children = (
				F6758CEE2089BA570036A8E8 /* Vec.cpp */,
				F6758CEF2089BA570036A8E8 /* Vec.hpp */,
				F6464CF8208C7E790019A75F /* MathUtil.cpp */,
				F6464CF9208C7E790019A75F /* MathUtil.hpp */,
				F6464D17209D66800019A75F /* Mat4.cpp */,
				F6464D18209D66800019A75F /* Mat4.hpp */,
			);
			path = math;
			sourceTree = "<group>";
		};
		F6758CE82088EFF90036A8E8 /* common */ = {
			isa = PBXGroup;
			children = (
				F6758CDE2088D6E00036A8E8 /* CApp.cpp */,
				F6758CDC2088D6E00036A8E8 /* CApp.h */,
				F6464CE6208B1FAF0019A75F /* Macro.h */,
			);
			path = common;
			sourceTree = "<group>";
		};
/* End PBXGroup section */

/* Begin PBXNativeTarget section */
		F6758CD02088D6E00036A8E8 /* Z-Renderer */ = {
			isa = PBXNativeTarget;
			buildConfigurationList = F6758CE22088D6E00036A8E8 /* Build configuration list for PBXNativeTarget "Z-Renderer" */;
			buildPhases = (
				F6758CCC2088D6E00036A8E8 /* Sources */,
				F6758CCD2088D6E00036A8E8 /* Frameworks */,
				F6758CCE2088D6E00036A8E8 /* Resources */,
				F6758CCF2088D6E00036A8E8 /* CopyFiles */,
			);
			buildRules = (
			);
			dependencies = (
			);
			name = "Z-Renderer";
			productName = "Z-Renderer";
			productReference = F6758CD12088D6E00036A8E8 /* Z-Renderer.app */;
			productType = "com.apple.product-type.application";
		};
/* End PBXNativeTarget section */

/* Begin PBXProject section */
		F6758CC82088D6E00036A8E8 /* Project object */ = {
			isa = PBXProject;
			attributes = {
				LastUpgradeCheck = 0920;
				ORGANIZATIONNAME = SATAN_Z;
				TargetAttributes = {
					F6758CD02088D6E00036A8E8 = {
						CreatedOnToolsVersion = 9.2;
						ProvisioningStyle = Automatic;
					};
				};
			};
			buildConfigurationList = F6758CCB2088D6E00036A8E8 /* Build configuration list for PBXProject "Z-Renderer" */;
			compatibilityVersion = "Xcode 8.0";
			developmentRegion = en;
			hasScannedForEncodings = 0;
			knownRegions = (
				en,
			);
			mainGroup = F6758CC72088D6E00036A8E8;
			productRefGroup = F6758CD22088D6E00036A8E8 /* Products */;
			projectDirPath = "";
			projectRoot = "";
			targets = (
				F6758CD02088D6E00036A8E8 /* Z-Renderer */,
			);
		};
/* End PBXProject section */

/* Begin PBXResourcesBuildPhase section */
		F6758CCE2088D6E00036A8E8 /* Resources */ = {
			isa = PBXResourcesBuildPhase;
			buildActionMask = 2147483647;
			files = (
				F616D5D520ABF4600005B1B5 /* rock.mtl in Resources */,
				F616D5D320ABF4600005B1B5 /* planet_Quom1200.png in Resources */,
				F616D5BD20ABF4600005B1B5 /* cell_helmet_alpha.png in Resources */,
				F616D5CD20ABF4600005B1B5 /* leg_showroom_refl.png in Resources */,
				F616D5BE20ABF4600005B1B5 /* cell_leg_alpha.png in Resources */,
				F616D5B620ABF4600005B1B5 /* body_showroom_ddn.png in Resources */,
				F616D5C220ABF4600005B1B5 /* glass_refl.png in Resources */,
				F616D5B020ABF4600005B1B5 /* arm_dif.png in Resources */,
				F61AEC1320B197EF00DD8F80 /* color4.inl in Resources */,
				F616D5CA20ABF4600005B1B5 /* helmet_showroom_spec.png in Resources */,
				F616D5CE20ABF4600005B1B5 /* leg_showroom_spec.png in Resources */,
				F616D5B820ABF4600005B1B5 /* body_showroom_spec.png in Resources */,
				F616D5CC20ABF4600005B1B5 /* leg_showroom_ddn.png in Resources */,
				F616D5D020ABF4600005B1B5 /* nanosuit.obj in Resources */,
				F616D5B920ABF4600005B1B5 /* cell_arm_alpha.png in Resources */,
				F616D5BB20ABF4600005B1B5 /* cell_ddn.png in Resources */,
				F61AEC3020B28D7A00DD8F80 /* pumpkin.obj in Resources */,
				F616D5BA20ABF4600005B1B5 /* cell_body_alpha.png in Resources */,
				F61AEC1520B197EF00DD8F80 /* matrix3x3.inl in Resources */,
				F61AEC1720B197EF00DD8F80 /* quaternion.inl in Resources */,
				F616D5D620ABF4600005B1B5 /* rock.obj in Resources */,
				F616D5C420ABF4600005B1B5 /* hand_showroom_ddn.png in Resources */,
				F616D5DF20ABF4600005B1B5 /* front.jpg in Resources */,
				F616D5B720ABF4600005B1B5 /* body_showroom_refl.png in Resources */,
				F616D5EE20ADD82A0005B1B5 /* skeleton.png in Resources */,
				F616D5E220ABF4600005B1B5 /* top.jpg in Resources */,
				F616D5D120ABF4600005B1B5 /* planet.mtl in Resources */,
				F616D5C620ABF4600005B1B5 /* hand_showroom_spec.png in Resources */,
				F616D5B220ABF4600005B1B5 /* arm_showroom_refl.png in Resources */,
				F616D5C820ABF4600005B1B5 /* helmet_showroom_ddn.png in Resources */,
				F616D5B320ABF4600005B1B5 /* arm_showroom_spec.png in Resources */,
				F616D5BC20ABF4600005B1B5 /* cell_hand_alpha.png in Resources */,
				F61AEC3320B28D7A00DD8F80 /* cow.obj in Resources */,
				F616D5DE20ABF4600005B1B5 /* bottom.jpg in Resources */,
				F616D5E320ABF4600005B1B5 /* wooden-crate.jpg in Resources */,
				F61AEC1820B197EF00DD8F80 /* vector2.inl in Resources */,
				F616D5C120ABF4600005B1B5 /* glass_dif.png in Resources */,
				F616D5C920ABF4600005B1B5 /* helmet_showroom_refl.png in Resources */,
				F616D5E420ABF4600005B1B5 /* WusonOBJ.obj in Resources */,
				F616D5B120ABF4600005B1B5 /* arm_showroom_ddn.png in Resources */,
				F61AEC3420B28D7A00DD8F80 /* teddy.obj in Resources */,
				F616D5D420ABF4600005B1B5 /* Rock-Texture-Surface.jpg in Resources */,
				F61AEC1620B197EF00DD8F80 /* matrix4x4.inl in Resources */,
				F61AEC1920B197EF00DD8F80 /* vector3.inl in Resources */,
				F616D5E020ABF4600005B1B5 /* left.jpg in Resources */,
				F616D5DD20ABF4600005B1B5 /* back.jpg in Resources */,
				F61AEC3220B28D7A00DD8F80 /* teapot.obj in Resources */,
				F616D5B420ABF4600005B1B5 /* back.jpg in Resources */,
				F616D5E120ABF4600005B1B5 /* right.jpg in Resources */,
				F616D5AF20ABF4600005B1B5 /* box.obj in Resources */,
				F616D5CF20ABF4600005B1B5 /* nanosuit.mtl in Resources */,
				F616D5C020ABF4600005B1B5 /* glass_ddn.png in Resources */,
				F616D5BF20ABF4600005B1B5 /* front.jpg in Resources */,
				F616D5C720ABF4600005B1B5 /* helmet_diff.png in Resources */,
				F616D5D220ABF4600005B1B5 /* planet.obj in Resources */,
				F61AEC3120B28D7A00DD8F80 /* sample.obj in Resources */,
				F616D5EC20AD4BFA0005B1B5 /* HelloWorld.png in Resources */,
				F616D5CB20ABF4600005B1B5 /* leg_dif.png in Resources */,
				F61AEC1420B197EF00DD8F80 /* material.inl in Resources */,
				F616D5C320ABF4600005B1B5 /* hand_dif.png in Resources */,
				F616D5C520ABF4600005B1B5 /* hand_showroom_refl.png in Resources */,
				F616D5B520ABF4600005B1B5 /* body_dif.png in Resources */,
			);
			runOnlyForDeploymentPostprocessing = 0;
		};
/* End PBXResourcesBuildPhase section */

/* Begin PBXSourcesBuildPhase section */
		F6758CCC2088D6E00036A8E8 /* Sources */ = {
			isa = PBXSourcesBuildPhase;
			buildActionMask = 2147483647;
			files = (
				F61AEBE120B1272800DD8F80 /* Mesh.cpp in Sources */,
				F616D56220A160790005B1B5 /* Shader.cpp in Sources */,
				F616D56A20AAAD390005B1B5 /* Texture.cpp in Sources */,
				F6758CDA2088D6E00036A8E8 /* main.cpp in Sources */,
				F616D5E720AC7FE50005B1B5 /* fileUtil.mm in Sources */,
				F6464CF0208B363C0019A75F /* Color.cpp in Sources */,
				F6464CEA208B27330019A75F /* Vertex.cpp in Sources */,
				F6464D04208E3E4D0019A75F /* Ref.cpp in Sources */,
				F61AEBDE20AFAA9900DD8F80 /* PhongShader.cpp in Sources */,
				F6464D07208E3E600019A75F /* Node.cpp in Sources */,
				F63E447520B9727E007B50B5 /* TextureCube.cpp in Sources */,
				F63E447820B98E21007B50B5 /* SkyBox.cpp in Sources */,
				F6464D01208E3DBC0019A75F /* Camera.cpp in Sources */,
				F6758CDF2088D6E00036A8E8 /* CApp.cpp in Sources */,
				F6464CFA208C7E790019A75F /* MathUtil.cpp in Sources */,
				F6464D13209B5FBF0019A75F /* Box.cpp in Sources */,
				F63E447220B9714F007B50B5 /* SkyBoxShader.cpp in Sources */,
				F616D56E20AB2FA70005B1B5 /* Bitmap.cpp in Sources */,
				F6758CF02089BA570036A8E8 /* Vec.cpp in Sources */,
				F61AEC2A20B1BE8000DD8F80 /* Sprite3DShader.cpp in Sources */,
				F6758CEC2089B9030036A8E8 /* Canvas.cpp in Sources */,
				F61AEBE520B1296100DD8F80 /* Sprite3D.cpp in Sources */,
				F63E446920B2AC94007B50B5 /* Ground.cpp in Sources */,
				F6464D19209D66800019A75F /* Mat4.cpp in Sources */,
			);
			runOnlyForDeploymentPostprocessing = 0;
		};
/* End PBXSourcesBuildPhase section */

/* Begin XCBuildConfiguration section */
		F6758CE02088D6E00036A8E8 /* Debug */ = {
			isa = XCBuildConfiguration;
			buildSettings = {
				ALWAYS_SEARCH_USER_PATHS = NO;
				ARCHS = "$(ARCHS_STANDARD_64_BIT)";
				CLANG_ANALYZER_NONNULL = YES;
				CLANG_ANALYZER_NUMBER_OBJECT_CONVERSION = YES_AGGRESSIVE;
				CLANG_CXX_LANGUAGE_STANDARD = "gnu++14";
				CLANG_CXX_LIBRARY = "libc++";
				CLANG_ENABLE_MODULES = YES;
				CLANG_ENABLE_OBJC_ARC = YES;
				CLANG_WARN_BLOCK_CAPTURE_AUTORELEASING = YES;
				CLANG_WARN_BOOL_CONVERSION = YES;
				CLANG_WARN_COMMA = YES;
				CLANG_WARN_CONSTANT_CONVERSION = YES;
				CLANG_WARN_DIRECT_OBJC_ISA_USAGE = YES_ERROR;
				CLANG_WARN_DOCUMENTATION_COMMENTS = YES;
				CLANG_WARN_EMPTY_BODY = YES;
				CLANG_WARN_ENUM_CONVERSION = YES;
				CLANG_WARN_INFINITE_RECURSION = YES;
				CLANG_WARN_INT_CONVERSION = YES;
				CLANG_WARN_NON_LITERAL_NULL_CONVERSION = YES;
				CLANG_WARN_OBJC_LITERAL_CONVERSION = YES;
				CLANG_WARN_OBJC_ROOT_CLASS = YES_ERROR;
				CLANG_WARN_RANGE_LOOP_ANALYSIS = YES;
				CLANG_WARN_STRICT_PROTOTYPES = YES;
				CLANG_WARN_SUSPICIOUS_MOVE = YES;
				CLANG_WARN_UNGUARDED_AVAILABILITY = YES_AGGRESSIVE;
				CLANG_WARN_UNREACHABLE_CODE = YES;
				CLANG_WARN__DUPLICATE_METHOD_MATCH = YES;
				COPY_PHASE_STRIP = NO;
				DEBUG_INFORMATION_FORMAT = dwarf;
				ENABLE_STRICT_OBJC_MSGSEND = YES;
				ENABLE_TESTABILITY = YES;
				GCC_C_LANGUAGE_STANDARD = gnu11;
				GCC_DYNAMIC_NO_PIC = NO;
				GCC_ENABLE_OBJC_EXCEPTIONS = YES;
				GCC_NO_COMMON_BLOCKS = YES;
				GCC_OPTIMIZATION_LEVEL = 0;
				GCC_PREPROCESSOR_DEFINITIONS = (
					"DEBUG=1",
					"$(inherited)",
				);
				GCC_WARN_64_TO_32_BIT_CONVERSION = YES;
				GCC_WARN_ABOUT_RETURN_TYPE = YES_ERROR;
				GCC_WARN_UNDECLARED_SELECTOR = YES;
				GCC_WARN_UNINITIALIZED_AUTOS = YES_AGGRESSIVE;
				GCC_WARN_UNUSED_FUNCTION = YES;
				GCC_WARN_UNUSED_VARIABLE = YES;
				MACOSX_DEPLOYMENT_TARGET = 10.12;
				MTL_ENABLE_DEBUG_INFO = YES;
				ONLY_ACTIVE_ARCH = YES;
				SDKROOT = macosx;
			};
			name = Debug;
		};
		F6758CE12088D6E00036A8E8 /* Release */ = {
			isa = XCBuildConfiguration;
			buildSettings = {
				ALWAYS_SEARCH_USER_PATHS = NO;
				ARCHS = "$(ARCHS_STANDARD_64_BIT)";
				CLANG_ANALYZER_NONNULL = YES;
				CLANG_ANALYZER_NUMBER_OBJECT_CONVERSION = YES_AGGRESSIVE;
				CLANG_CXX_LANGUAGE_STANDARD = "gnu++14";
				CLANG_CXX_LIBRARY = "libc++";
				CLANG_ENABLE_MODULES = YES;
				CLANG_ENABLE_OBJC_ARC = YES;
				CLANG_WARN_BLOCK_CAPTURE_AUTORELEASING = YES;
				CLANG_WARN_BOOL_CONVERSION = YES;
				CLANG_WARN_COMMA = YES;
				CLANG_WARN_CONSTANT_CONVERSION = YES;
				CLANG_WARN_DIRECT_OBJC_ISA_USAGE = YES_ERROR;
				CLANG_WARN_DOCUMENTATION_COMMENTS = YES;
				CLANG_WARN_EMPTY_BODY = YES;
				CLANG_WARN_ENUM_CONVERSION = YES;
				CLANG_WARN_INFINITE_RECURSION = YES;
				CLANG_WARN_INT_CONVERSION = YES;
				CLANG_WARN_NON_LITERAL_NULL_CONVERSION = YES;
				CLANG_WARN_OBJC_LITERAL_CONVERSION = YES;
				CLANG_WARN_OBJC_ROOT_CLASS = YES_ERROR;
				CLANG_WARN_RANGE_LOOP_ANALYSIS = YES;
				CLANG_WARN_STRICT_PROTOTYPES = YES;
				CLANG_WARN_SUSPICIOUS_MOVE = YES;
				CLANG_WARN_UNGUARDED_AVAILABILITY = YES_AGGRESSIVE;
				CLANG_WARN_UNREACHABLE_CODE = YES;
				CLANG_WARN__DUPLICATE_METHOD_MATCH = YES;
				COPY_PHASE_STRIP = NO;
				DEBUG_INFORMATION_FORMAT = "dwarf-with-dsym";
				ENABLE_NS_ASSERTIONS = NO;
				ENABLE_STRICT_OBJC_MSGSEND = YES;
				GCC_C_LANGUAGE_STANDARD = gnu11;
				GCC_ENABLE_OBJC_EXCEPTIONS = YES;
				GCC_NO_COMMON_BLOCKS = YES;
				GCC_WARN_64_TO_32_BIT_CONVERSION = YES;
				GCC_WARN_ABOUT_RETURN_TYPE = YES_ERROR;
				GCC_WARN_UNDECLARED_SELECTOR = YES;
				GCC_WARN_UNINITIALIZED_AUTOS = YES_AGGRESSIVE;
				GCC_WARN_UNUSED_FUNCTION = YES;
				GCC_WARN_UNUSED_VARIABLE = YES;
				MACOSX_DEPLOYMENT_TARGET = 10.12;
				MTL_ENABLE_DEBUG_INFO = NO;
				SDKROOT = macosx;
			};
			name = Release;
		};
		F6758CE32088D6E00036A8E8 /* Debug */ = {
			isa = XCBuildConfiguration;
			buildSettings = {
				CODE_SIGN_STYLE = Automatic;
				FRAMEWORK_SEARCH_PATHS = (
					/Library/Frameworks,
					"$(LOCAL_LIBRARY_DIR)/Frameworks",
				);
				HEADER_SEARCH_PATHS = (
					/usr/include,
					/usr/local/include,
				);
				LD_RUNPATH_SEARCH_PATHS = "@executable_path/../Frameworks";
				LIBRARY_SEARCH_PATHS = (
					/usr/lib,
					"$(PROJECT_DIR)/Z-Renderer/lib",
				);
				OTHER_LDFLAGS = "";
				PRODUCT_NAME = "$(TARGET_NAME)";
				USER_HEADER_SEARCH_PATHS = "";
			};
			name = Debug;
		};
		F6758CE42088D6E00036A8E8 /* Release */ = {
			isa = XCBuildConfiguration;
			buildSettings = {
				CODE_SIGN_STYLE = Automatic;
				FRAMEWORK_SEARCH_PATHS = (
					/Library/Frameworks,
					"$(LOCAL_LIBRARY_DIR)/Frameworks",
				);
				HEADER_SEARCH_PATHS = (
					/usr/include,
					/usr/local/include,
				);
				LD_RUNPATH_SEARCH_PATHS = "@executable_path/../Frameworks";
				LIBRARY_SEARCH_PATHS = (
					/usr/lib,
					"$(PROJECT_DIR)/Z-Renderer/lib",
				);
				OTHER_LDFLAGS = "";
				PRODUCT_NAME = "$(TARGET_NAME)";
				USER_HEADER_SEARCH_PATHS = "";
			};
			name = Release;
		};
/* End XCBuildConfiguration section */

/* Begin XCConfigurationList section */
		F6758CCB2088D6E00036A8E8 /* Build configuration list for PBXProject "Z-Renderer" */ = {
			isa = XCConfigurationList;
			buildConfigurations = (
				F6758CE02088D6E00036A8E8 /* Debug */,
				F6758CE12088D6E00036A8E8 /* Release */,
			);
			defaultConfigurationIsVisible = 0;
			defaultConfigurationName = Release;
		};
		F6758CE22088D6E00036A8E8 /* Build configuration list for PBXNativeTarget "Z-Renderer" */ = {
			isa = XCConfigurationList;
			buildConfigurations = (
				F6758CE32088D6E00036A8E8 /* Debug */,
				F6758CE42088D6E00036A8E8 /* Release */,
			);
			defaultConfigurationIsVisible = 0;
			defaultConfigurationName = Release;
		};
/* End XCConfigurationList section */
	};
	rootObject = F6758CC82088D6E00036A8E8 /* Project object */;
}
